// !$*UTF8*$!
{
	archiveVersion = 1;
	classes = {
	};
	objectVersion = 56;
	objects = {

/* Begin PBXBuildFile section */
		EF6B501328EFF8C000E2D296 /* AppDelegate.swift in Sources */ = {isa = PBXBuildFile; fileRef = EF6B501228EFF8C000E2D296 /* AppDelegate.swift */; };
		EF6B501528EFF8C000E2D296 /* SceneDelegate.swift in Sources */ = {isa = PBXBuildFile; fileRef = EF6B501428EFF8C000E2D296 /* SceneDelegate.swift */; };
		EF6B501728EFF8C000E2D296 /* ViewController.swift in Sources */ = {isa = PBXBuildFile; fileRef = EF6B501628EFF8C000E2D296 /* ViewController.swift */; };
		EF6B501A28EFF8C000E2D296 /* Main.storyboard in Resources */ = {isa = PBXBuildFile; fileRef = EF6B501828EFF8C000E2D296 /* Main.storyboard */; };
		EF6B501C28EFF8C000E2D296 /* Assets.xcassets in Resources */ = {isa = PBXBuildFile; fileRef = EF6B501B28EFF8C000E2D296 /* Assets.xcassets */; };
		EF6B501F28EFF8C000E2D296 /* LaunchScreen.storyboard in Resources */ = {isa = PBXBuildFile; fileRef = EF6B501D28EFF8C000E2D296 /* LaunchScreen.storyboard */; };
		EF6B502728EFFB6000E2D296 /* CustomTableViewCell.swift in Sources */ = {isa = PBXBuildFile; fileRef = EF6B502628EFFB6000E2D296 /* CustomTableViewCell.swift */; };
		EF6B502928EFFBE700E2D296 /* Singleton.swift in Sources */ = {isa = PBXBuildFile; fileRef = EF6B502828EFFBE700E2D296 /* Singleton.swift */; };
		EF72F43B28F29FC400DEF43B /* Date Extension.swift in Sources */ = {isa = PBXBuildFile; fileRef = EF72F43A28F29FC400DEF43B /* Date Extension.swift */; };
		EF72F43D28F29FEC00DEF43B /* String Extension.swift in Sources */ = {isa = PBXBuildFile; fileRef = EF72F43C28F29FEC00DEF43B /* String Extension.swift */; };
		EF72F44828F3243700DEF43B /* dateCalculate.swift in Sources */ = {isa = PBXBuildFile; fileRef = EF72F44728F3243700DEF43B /* dateCalculate.swift */; };
		EFA871F328F1E4C400FFD2F9 /* PreviousViewController.swift in Sources */ = {isa = PBXBuildFile; fileRef = EFA871F228F1E4C400FFD2F9 /* PreviousViewController.swift */; };
		EFA871F528F1EC0200FFD2F9 /* EditViewController.swift in Sources */ = {isa = PBXBuildFile; fileRef = EFA871F428F1EC0200FFD2F9 /* EditViewController.swift */; };
/* End PBXBuildFile section */

/* Begin PBXFileReference section */
		EF6B500F28EFF8C000E2D296 /* MyDiary.app */ = {isa = PBXFileReference; explicitFileType = wrapper.application; includeInIndex = 0; path = MyDiary.app; sourceTree = BUILT_PRODUCTS_DIR; };
		EF6B501228EFF8C000E2D296 /* AppDelegate.swift */ = {isa = PBXFileReference; lastKnownFileType = sourcecode.swift; path = AppDelegate.swift; sourceTree = "<group>"; };
		EF6B501428EFF8C000E2D296 /* SceneDelegate.swift */ = {isa = PBXFileReference; lastKnownFileType = sourcecode.swift; path = SceneDelegate.swift; sourceTree = "<group>"; };
		EF6B501628EFF8C000E2D296 /* ViewController.swift */ = {isa = PBXFileReference; lastKnownFileType = sourcecode.swift; path = ViewController.swift; sourceTree = "<group>"; };
		EF6B501928EFF8C000E2D296 /* Base */ = {isa = PBXFileReference; lastKnownFileType = file.storyboard; name = Base; path = Base.lproj/Main.storyboard; sourceTree = "<group>"; };
		EF6B501B28EFF8C000E2D296 /* Assets.xcassets */ = {isa = PBXFileReference; lastKnownFileType = folder.assetcatalog; path = Assets.xcassets; sourceTree = "<group>"; };
		EF6B501E28EFF8C000E2D296 /* Base */ = {isa = PBXFileReference; lastKnownFileType = file.storyboard; name = Base; path = Base.lproj/LaunchScreen.storyboard; sourceTree = "<group>"; };
		EF6B502028EFF8C000E2D296 /* Info.plist */ = {isa = PBXFileReference; lastKnownFileType = text.plist.xml; path = Info.plist; sourceTree = "<group>"; };
		EF6B502628EFFB6000E2D296 /* CustomTableViewCell.swift */ = {isa = PBXFileReference; lastKnownFileType = sourcecode.swift; path = CustomTableViewCell.swift; sourceTree = "<group>"; };
		EF6B502828EFFBE700E2D296 /* Singleton.swift */ = {isa = PBXFileReference; lastKnownFileType = sourcecode.swift; path = Singleton.swift; sourceTree = "<group>"; };
		EF72F43A28F29FC400DEF43B /* Date Extension.swift */ = {isa = PBXFileReference; lastKnownFileType = sourcecode.swift; path = "Date Extension.swift"; sourceTree = "<group>"; };
		EF72F43C28F29FEC00DEF43B /* String Extension.swift */ = {isa = PBXFileReference; lastKnownFileType = sourcecode.swift; path = "String Extension.swift"; sourceTree = "<group>"; };
		EF72F44728F3243700DEF43B /* dateCalculate.swift */ = {isa = PBXFileReference; lastKnownFileType = sourcecode.swift; path = dateCalculate.swift; sourceTree = "<group>"; };
		EFA871F228F1E4C400FFD2F9 /* PreviousViewController.swift */ = {isa = PBXFileReference; lastKnownFileType = sourcecode.swift; path = PreviousViewController.swift; sourceTree = "<group>"; };
		EFA871F428F1EC0200FFD2F9 /* EditViewController.swift */ = {isa = PBXFileReference; lastKnownFileType = sourcecode.swift; path = EditViewController.swift; sourceTree = "<group>"; };
/* End PBXFileReference section */

/* Begin PBXFrameworksBuildPhase section */
		EF6B500C28EFF8C000E2D296 /* Frameworks */ = {
			isa = PBXFrameworksBuildPhase;
			buildActionMask = 2147483647;
			files = (
			);
			runOnlyForDeploymentPostprocessing = 0;
		};
/* End PBXFrameworksBuildPhase section */

/* Begin PBXGroup section */
		EF6B500628EFF8C000E2D296 = {
			isa = PBXGroup;
			children = (
				EF6B501128EFF8C000E2D296 /* MyDiary */,
				EF6B501028EFF8C000E2D296 /* Products */,
			);
			sourceTree = "<group>";
		};
		EF6B501028EFF8C000E2D296 /* Products */ = {
			isa = PBXGroup;
			children = (
				EF6B500F28EFF8C000E2D296 /* MyDiary.app */,
			);
			name = Products;
			sourceTree = "<group>";
		};
		EF6B501128EFF8C000E2D296 /* MyDiary */ = {
			isa = PBXGroup;
			children = (
				EF6B501228EFF8C000E2D296 /* AppDelegate.swift */,
				EF6B501428EFF8C000E2D296 /* SceneDelegate.swift */,
				EFA871F228F1E4C400FFD2F9 /* PreviousViewController.swift */,
				EF6B501628EFF8C000E2D296 /* ViewController.swift */,
				EFA871F428F1EC0200FFD2F9 /* EditViewController.swift */,
				EF6B502628EFFB6000E2D296 /* CustomTableViewCell.swift */,
				EF6B501828EFF8C000E2D296 /* Main.storyboard */,
				EF6B501B28EFF8C000E2D296 /* Assets.xcassets */,
				EF6B501D28EFF8C000E2D296 /* LaunchScreen.storyboard */,
				EF6B502028EFF8C000E2D296 /* Info.plist */,
				EF6B502828EFFBE700E2D296 /* Singleton.swift */,
				EF72F43A28F29FC400DEF43B /* Date Extension.swift */,
				EF72F43C28F29FEC00DEF43B /* String Extension.swift */,
				EF72F44728F3243700DEF43B /* dateCalculate.swift */,
			);
			path = MyDiary;
			sourceTree = "<group>";
		};
/* End PBXGroup section */

/* Begin PBXNativeTarget section */
		EF6B500E28EFF8C000E2D296 /* MyDiary */ = {
			isa = PBXNativeTarget;
			buildConfigurationList = EF6B502328EFF8C000E2D296 /* Build configuration list for PBXNativeTarget "MyDiary" */;
			buildPhases = (
				EF6B500B28EFF8C000E2D296 /* Sources */,
				EF6B500C28EFF8C000E2D296 /* Frameworks */,
				EF6B500D28EFF8C000E2D296 /* Resources */,
			);
			buildRules = (
			);
			dependencies = (
			);
			name = MyDiary;
			productName = MyDiary;
			productReference = EF6B500F28EFF8C000E2D296 /* MyDiary.app */;
			productType = "com.apple.product-type.application";
		};
/* End PBXNativeTarget section */

/* Begin PBXProject section */
		EF6B500728EFF8C000E2D296 /* Project object */ = {
			isa = PBXProject;
			attributes = {
				BuildIndependentTargetsInParallel = 1;
				LastSwiftUpdateCheck = 1400;
				LastUpgradeCheck = 1400;
				TargetAttributes = {
					EF6B500E28EFF8C000E2D296 = {
						CreatedOnToolsVersion = 14.0.1;
					};
				};
			};
			buildConfigurationList = EF6B500A28EFF8C000E2D296 /* Build configuration list for PBXProject "MyDiary" */;
			compatibilityVersion = "Xcode 14.0";
			developmentRegion = en;
			hasScannedForEncodings = 0;
			knownRegions = (
				en,
				Base,
			);
			mainGroup = EF6B500628EFF8C000E2D296;
			productRefGroup = EF6B501028EFF8C000E2D296 /* Products */;
			projectDirPath = "";
			projectRoot = "";
			targets = (
				EF6B500E28EFF8C000E2D296 /* MyDiary */,
			);
		};
/* End PBXProject section */

/* Begin PBXResourcesBuildPhase section */
		EF6B500D28EFF8C000E2D296 /* Resources */ = {
			isa = PBXResourcesBuildPhase;
			buildActionMask = 2147483647;
			files = (
				EF6B501F28EFF8C000E2D296 /* LaunchScreen.storyboard in Resources */,
				EF6B501C28EFF8C000E2D296 /* Assets.xcassets in Resources */,
				EF6B501A28EFF8C000E2D296 /* Main.storyboard in Resources */,
			);
			runOnlyForDeploymentPostprocessing = 0;
		};
/* End PBXResourcesBuildPhase section */

/* Begin PBXSourcesBuildPhase section */
		EF6B500B28EFF8C000E2D296 /* Sources */ = {
			isa = PBXSourcesBuildPhase;
			buildActionMask = 2147483647;
			files = (
				EF6B501728EFF8C000E2D296 /* ViewController.swift in Sources */,
				EF6B502928EFFBE700E2D296 /* Singleton.swift in Sources */,
				EF6B501328EFF8C000E2D296 /* AppDelegate.swift in Sources */,
				EF6B502728EFFB6000E2D296 /* CustomTableViewCell.swift in Sources */,
				EF6B501528EFF8C000E2D296 /* SceneDelegate.swift in Sources */,
				EFA871F328F1E4C400FFD2F9 /* PreviousViewController.swift in Sources */,
				EFA871F528F1EC0200FFD2F9 /* EditViewController.swift in Sources */,
				EF72F43B28F29FC400DEF43B /* Date Extension.swift in Sources */,
				EF72F44828F3243700DEF43B /* dateCalculate.swift in Sources */,
				EF72F43D28F29FEC00DEF43B /* String Extension.swift in Sources */,
			);
			runOnlyForDeploymentPostprocessing = 0;
		};
/* End PBXSourcesBuildPhase section */

/* Begin PBXVariantGroup section */
		EF6B501828EFF8C000E2D296 /* Main.storyboard */ = {
			isa = PBXVariantGroup;
			children = (
				EF6B501928EFF8C000E2D296 /* Base */,
			);
			name = Main.storyboard;
			sourceTree = "<group>";
		};
		EF6B501D28EFF8C000E2D296 /* LaunchScreen.storyboard */ = {
			isa = PBXVariantGroup;
			children = (
				EF6B501E28EFF8C000E2D296 /* Base */,
			);
			name = LaunchScreen.storyboard;
			sourceTree = "<group>";
		};
/* End PBXVariantGroup section */

/* Begin XCBuildConfiguration section */
		EF6B502128EFF8C000E2D296 /* Debug */ = {
			isa = XCBuildConfiguration;
			buildSettings = {
				ALWAYS_SEARCH_USER_PATHS = NO;
				CLANG_ANALYZER_NONNULL = YES;
				CLANG_ANALYZER_NUMBER_OBJECT_CONVERSION = YES_AGGRESSIVE;
				CLANG_CXX_LANGUAGE_STANDARD = "gnu++20";
				CLANG_ENABLE_MODULES = YES;
				CLANG_ENABLE_OBJC_ARC = YES;
				CLANG_ENABLE_OBJC_WEAK = YES;
				CLANG_WARN_BLOCK_CAPTURE_AUTORELEASING = YES;
				CLANG_WARN_BOOL_CONVERSION = YES;
				CLANG_WARN_COMMA = YES;
				CLANG_WARN_CONSTANT_CONVERSION = YES;
				CLANG_WARN_DEPRECATED_OBJC_IMPLEMENTATIONS = YES;
				CLANG_WARN_DIRECT_OBJC_ISA_USAGE = YES_ERROR;
				CLANG_WARN_DOCUMENTATION_COMMENTS = YES;
				CLANG_WARN_EMPTY_BODY = YES;
				CLANG_WARN_ENUM_CONVERSION = YES;
				CLANG_WARN_INFINITE_RECURSION = YES;
				CLANG_WARN_INT_CONVERSION = YES;
				CLANG_WARN_NON_LITERAL_NULL_CONVERSION = YES;
				CLANG_WARN_OBJC_IMPLICIT_RETAIN_SELF = YES;
				CLANG_WARN_OBJC_LITERAL_CONVERSION = YES;
				CLANG_WARN_OBJC_ROOT_CLASS = YES_ERROR;
				CLANG_WARN_QUOTED_INCLUDE_IN_FRAMEWORK_HEADER = YES;
				CLANG_WARN_RANGE_LOOP_ANALYSIS = YES;
				CLANG_WARN_STRICT_PROTOTYPES = YES;
				CLANG_WARN_SUSPICIOUS_MOVE = YES;
				CLANG_WARN_UNGUARDED_AVAILABILITY = YES_AGGRESSIVE;
				CLANG_WARN_UNREACHABLE_CODE = YES;
				CLANG_WARN__DUPLICATE_METHOD_MATCH = YES;
				COPY_PHASE_STRIP = NO;
				DEBUG_INFORMATION_FORMAT = dwarf;
				ENABLE_STRICT_OBJC_MSGSEND = YES;
				ENABLE_TESTABILITY = YES;
				GCC_C_LANGUAGE_STANDARD = gnu11;
				GCC_DYNAMIC_NO_PIC = NO;
				GCC_NO_COMMON_BLOCKS = YES;
				GCC_OPTIMIZATION_LEVEL = 0;
				GCC_PREPROCESSOR_DEFINITIONS = (
					"DEBUG=1",
					"$(inherited)",
				);
				GCC_WARN_64_TO_32_BIT_CONVERSION = YES;
				GCC_WARN_ABOUT_RETURN_TYPE = YES_ERROR;
				GCC_WARN_UNDECLARED_SELECTOR = YES;
				GCC_WARN_UNINITIALIZED_AUTOS = YES_AGGRESSIVE;
				GCC_WARN_UNUSED_FUNCTION = YES;
				GCC_WARN_UNUSED_VARIABLE = YES;
				IPHONEOS_DEPLOYMENT_TARGET = 16.0;
				MTL_ENABLE_DEBUG_INFO = INCLUDE_SOURCE;
				MTL_FAST_MATH = YES;
				ONLY_ACTIVE_ARCH = YES;
				SDKROOT = iphoneos;
				SWIFT_ACTIVE_COMPILATION_CONDITIONS = DEBUG;
				SWIFT_OPTIMIZATION_LEVEL = "-Onone";
			};
			name = Debug;
		};
		EF6B502228EFF8C000E2D296 /* Release */ = {
			isa = XCBuildConfiguration;
			buildSettings = {
				ALWAYS_SEARCH_USER_PATHS = NO;
				CLANG_ANALYZER_NONNULL = YES;
				CLANG_ANALYZER_NUMBER_OBJECT_CONVERSION = YES_AGGRESSIVE;
				CLANG_CXX_LANGUAGE_STANDARD = "gnu++20";
				CLANG_ENABLE_MODULES = YES;
				CLANG_ENABLE_OBJC_ARC = YES;
				CLANG_ENABLE_OBJC_WEAK = YES;
				CLANG_WARN_BLOCK_CAPTURE_AUTORELEASING = YES;
				CLANG_WARN_BOOL_CONVERSION = YES;
				CLANG_WARN_COMMA = YES;
				CLANG_WARN_CONSTANT_CONVERSION = YES;
				CLANG_WARN_DEPRECATED_OBJC_IMPLEMENTATIONS = YES;
				CLANG_WARN_DIRECT_OBJC_ISA_USAGE = YES_ERROR;
				CLANG_WARN_DOCUMENTATION_COMMENTS = YES;
				CLANG_WARN_EMPTY_BODY = YES;
				CLANG_WARN_ENUM_CONVERSION = YES;
				CLANG_WARN_INFINITE_RECURSION = YES;
				CLANG_WARN_INT_CONVERSION = YES;
				CLANG_WARN_NON_LITERAL_NULL_CONVERSION = YES;
				CLANG_WARN_OBJC_IMPLICIT_RETAIN_SELF = YES;
				CLANG_WARN_OBJC_LITERAL_CONVERSION = YES;
				CLANG_WARN_OBJC_ROOT_CLASS = YES_ERROR;
				CLANG_WARN_QUOTED_INCLUDE_IN_FRAMEWORK_HEADER = YES;
				CLANG_WARN_RANGE_LOOP_ANALYSIS = YES;
				CLANG_WARN_STRICT_PROTOTYPES = YES;
				CLANG_WARN_SUSPICIOUS_MOVE = YES;
				CLANG_WARN_UNGUARDED_AVAILABILITY = YES_AGGRESSIVE;
				CLANG_WARN_UNREACHABLE_CODE = YES;
				CLANG_WARN__DUPLICATE_METHOD_MATCH = YES;
				COPY_PHASE_STRIP = NO;
				DEBUG_INFORMATION_FORMAT = "dwarf-with-dsym";
				ENABLE_NS_ASSERTIONS = NO;
				ENABLE_STRICT_OBJC_MSGSEND = YES;
				GCC_C_LANGUAGE_STANDARD = gnu11;
				GCC_NO_COMMON_BLOCKS = YES;
				GCC_WARN_64_TO_32_BIT_CONVERSION = YES;
				GCC_WARN_ABOUT_RETURN_TYPE = YES_ERROR;
				GCC_WARN_UNDECLARED_SELECTOR = YES;
				GCC_WARN_UNINITIALIZED_AUTOS = YES_AGGRESSIVE;
				GCC_WARN_UNUSED_FUNCTION = YES;
				GCC_WARN_UNUSED_VARIABLE = YES;
				IPHONEOS_DEPLOYMENT_TARGET = 16.0;
				MTL_ENABLE_DEBUG_INFO = NO;
				MTL_FAST_MATH = YES;
				SDKROOT = iphoneos;
				SWIFT_COMPILATION_MODE = wholemodule;
				SWIFT_OPTIMIZATION_LEVEL = "-O";
				VALIDATE_PRODUCT = YES;
			};
			name = Release;
		};
		EF6B502428EFF8C000E2D296 /* Debug */ = {
			isa = XCBuildConfiguration;
			buildSettings = {
				ASSETCATALOG_COMPILER_APPICON_NAME = AppIcon;
				ASSETCATALOG_COMPILER_GLOBAL_ACCENT_COLOR_NAME = AccentColor;
				CODE_SIGN_STYLE = Automatic;
				CURRENT_PROJECT_VERSION = 1;
				DEVELOPMENT_TEAM = VL769BSNN6;
				GENERATE_INFOPLIST_FILE = YES;
				INFOPLIST_FILE = MyDiary/Info.plist;
				INFOPLIST_KEY_UIApplicationSupportsIndirectInputEvents = YES;
				INFOPLIST_KEY_UILaunchStoryboardName = LaunchScreen;
				INFOPLIST_KEY_UIMainStoryboardFile = Main;
				INFOPLIST_KEY_UISupportedInterfaceOrientations_iPad = "UIInterfaceOrientationPortrait UIInterfaceOrientationPortraitUpsideDown UIInterfaceOrientationLandscapeLeft UIInterfaceOrientationLandscapeRight";
				INFOPLIST_KEY_UISupportedInterfaceOrientations_iPhone = "UIInterfaceOrientationPortrait UIInterfaceOrientationLandscapeLeft UIInterfaceOrientationLandscapeRight";
				LD_RUNPATH_SEARCH_PATHS = (
					"$(inherited)",
					"@executable_path/Frameworks",
				);
				MARKETING_VERSION = 1.0;
				PRODUCT_BUNDLE_IDENTIFIER = com.gmail.dodogugu2632.MyDiary;
				PRODUCT_NAME = "$(TARGET_NAME)";
				SWIFT_EMIT_LOC_STRINGS = YES;
				SWIFT_VERSION = 5.0;
				TARGETED_DEVICE_FAMILY = "1,2";
			};
			name = Debug;
		};
		EF6B502528EFF8C000E2D296 /* Release */ = {
			isa = XCBuildConfiguration;
			buildSettings = {
				ASSETCATALOG_COMPILER_APPICON_NAME = AppIcon;
				ASSETCATALOG_COMPILER_GLOBAL_ACCENT_COLOR_NAME = AccentColor;
				CODE_SIGN_STYLE = Automatic;
				CURRENT_PROJECT_VERSION = 1;
				DEVELOPMENT_TEAM = VL769BSNN6;
				GENERATE_INFOPLIST_FILE = YES;
				INFOPLIST_FILE = MyDiary/Info.plist;
				INFOPLIST_KEY_UIApplicationSupportsIndirectInputEvents = YES;
				INFOPLIST_KEY_UILaunchStoryboardName = LaunchScreen;
				INFOPLIST_KEY_UIMainStoryboardFile = Main;
				INFOPLIST_KEY_UISupportedInterfaceOrientations_iPad = "UIInterfaceOrientationPortrait UIInterfaceOrientationPortraitUpsideDown UIInterfaceOrientationLandscapeLeft UIInterfaceOrientationLandscapeRight";
				INFOPLIST_KEY_UISupportedInterfaceOrientations_iPhone = "UIInterfaceOrientationPortrait UIInterfaceOrientationLandscapeLeft UIInterfaceOrientationLandscapeRight";
				LD_RUNPATH_SEARCH_PATHS = (
					"$(inherited)",
					"@executable_path/Frameworks",
				);
				MARKETING_VERSION = 1.0;
				PRODUCT_BUNDLE_IDENTIFIER = com.gmail.dodogugu2632.MyDiary;
				PRODUCT_NAME = "$(TARGET_NAME)";
				SWIFT_EMIT_LOC_STRINGS = YES;
				SWIFT_VERSION = 5.0;
				TARGETED_DEVICE_FAMILY = "1,2";
			};
			name = Release;
		};
/* End XCBuildConfiguration section */

/* Begin XCConfigurationList section */
		EF6B500A28EFF8C000E2D296 /* Build configuration list for PBXProject "MyDiary" */ = {
			isa = XCConfigurationList;
			buildConfigurations = (
				EF6B502128EFF8C000E2D296 /* Debug */,
				EF6B502228EFF8C000E2D296 /* Release */,
			);
			defaultConfigurationIsVisible = 0;
			defaultConfigurationName = Release;
		};
		EF6B502328EFF8C000E2D296 /* Build configuration list for PBXNativeTarget "MyDiary" */ = {
			isa = XCConfigurationList;
			buildConfigurations = (
				EF6B502428EFF8C000E2D296 /* Debug */,
				EF6B502528EFF8C000E2D296 /* Release */,
			);
			defaultConfigurationIsVisible = 0;
			defaultConfigurationName = Release;
		};
/* End XCConfigurationList section */
	};
	rootObject = EF6B500728EFF8C000E2D296 /* Project object */;
}
