// !$*UTF8*$!
{
	archiveVersion = 1;
	classes = {
	};
	objectVersion = 56;
	objects = {

/* Begin PBXBuildFile section */
		EF0BFBD82950676E00C6E97C /* AppDelegate.swift in Sources */ = {isa = PBXBuildFile; fileRef = EF0BFBD72950676E00C6E97C /* AppDelegate.swift */; };
		EF0BFBDA2950676E00C6E97C /* SceneDelegate.swift in Sources */ = {isa = PBXBuildFile; fileRef = EF0BFBD92950676E00C6E97C /* SceneDelegate.swift */; };
		EF0BFBDC2950676E00C6E97C /* ViewController.swift in Sources */ = {isa = PBXBuildFile; fileRef = EF0BFBDB2950676E00C6E97C /* ViewController.swift */; };
		EF0BFBDF2950676E00C6E97C /* Main.storyboard in Resources */ = {isa = PBXBuildFile; fileRef = EF0BFBDD2950676E00C6E97C /* Main.storyboard */; };
		EF0BFBE12950676F00C6E97C /* Assets.xcassets in Resources */ = {isa = PBXBuildFile; fileRef = EF0BFBE02950676F00C6E97C /* Assets.xcassets */; };
		EF0BFBE42950676F00C6E97C /* LaunchScreen.storyboard in Resources */ = {isa = PBXBuildFile; fileRef = EF0BFBE22950676F00C6E97C /* LaunchScreen.storyboard */; };
		EF0BFBF229506F4700C6E97C /* CustomTableViewCell.swift in Sources */ = {isa = PBXBuildFile; fileRef = EF0BFBF029506F4700C6E97C /* CustomTableViewCell.swift */; };
		EF0BFBF329506F4700C6E97C /* CustomTableViewCell.xib in Resources */ = {isa = PBXBuildFile; fileRef = EF0BFBF129506F4700C6E97C /* CustomTableViewCell.xib */; };
		EF0BFBF52950729300C6E97C /* CustomView.swift in Sources */ = {isa = PBXBuildFile; fileRef = EF0BFBF42950729300C6E97C /* CustomView.swift */; };
		EF0BFBF8295072A900C6E97C /* CustomView.xib in Resources */ = {isa = PBXBuildFile; fileRef = EF0BFBF7295072A900C6E97C /* CustomView.xib */; };
		EF4179252950738100EC74A0 /* SecondViewController.swift in Sources */ = {isa = PBXBuildFile; fileRef = EF4179242950738100EC74A0 /* SecondViewController.swift */; };
/* End PBXBuildFile section */

/* Begin PBXFileReference section */
		EF0BFBD42950676E00C6E97C /* Xib-Starter.app */ = {isa = PBXFileReference; explicitFileType = wrapper.application; includeInIndex = 0; path = "Xib-Starter.app"; sourceTree = BUILT_PRODUCTS_DIR; };
		EF0BFBD72950676E00C6E97C /* AppDelegate.swift */ = {isa = PBXFileReference; lastKnownFileType = sourcecode.swift; path = AppDelegate.swift; sourceTree = "<group>"; };
		EF0BFBD92950676E00C6E97C /* SceneDelegate.swift */ = {isa = PBXFileReference; lastKnownFileType = sourcecode.swift; path = SceneDelegate.swift; sourceTree = "<group>"; };
		EF0BFBDB2950676E00C6E97C /* ViewController.swift */ = {isa = PBXFileReference; lastKnownFileType = sourcecode.swift; path = ViewController.swift; sourceTree = "<group>"; };
		EF0BFBDE2950676E00C6E97C /* Base */ = {isa = PBXFileReference; lastKnownFileType = file.storyboard; name = Base; path = Base.lproj/Main.storyboard; sourceTree = "<group>"; };
		EF0BFBE02950676F00C6E97C /* Assets.xcassets */ = {isa = PBXFileReference; lastKnownFileType = folder.assetcatalog; path = Assets.xcassets; sourceTree = "<group>"; };
		EF0BFBE32950676F00C6E97C /* Base */ = {isa = PBXFileReference; lastKnownFileType = file.storyboard; name = Base; path = Base.lproj/LaunchScreen.storyboard; sourceTree = "<group>"; };
		EF0BFBE52950676F00C6E97C /* Info.plist */ = {isa = PBXFileReference; lastKnownFileType = text.plist.xml; path = Info.plist; sourceTree = "<group>"; };
		EF0BFBF029506F4700C6E97C /* CustomTableViewCell.swift */ = {isa = PBXFileReference; lastKnownFileType = sourcecode.swift; path = CustomTableViewCell.swift; sourceTree = "<group>"; };
		EF0BFBF129506F4700C6E97C /* CustomTableViewCell.xib */ = {isa = PBXFileReference; lastKnownFileType = file.xib; path = CustomTableViewCell.xib; sourceTree = "<group>"; };
		EF0BFBF42950729300C6E97C /* CustomView.swift */ = {isa = PBXFileReference; lastKnownFileType = sourcecode.swift; path = CustomView.swift; sourceTree = "<group>"; };
		EF0BFBF7295072A900C6E97C /* CustomView.xib */ = {isa = PBXFileReference; lastKnownFileType = file.xib; path = CustomView.xib; sourceTree = "<group>"; };
		EF4179242950738100EC74A0 /* SecondViewController.swift */ = {isa = PBXFileReference; lastKnownFileType = sourcecode.swift; path = SecondViewController.swift; sourceTree = "<group>"; };
/* End PBXFileReference section */

/* Begin PBXFrameworksBuildPhase section */
		EF0BFBD12950676E00C6E97C /* Frameworks */ = {
			isa = PBXFrameworksBuildPhase;
			buildActionMask = 2147483647;
			files = (
			);
			runOnlyForDeploymentPostprocessing = 0;
		};
/* End PBXFrameworksBuildPhase section */

/* Begin PBXGroup section */
		EF0BFBCB2950676E00C6E97C = {
			isa = PBXGroup;
			children = (
				EF0BFBD62950676E00C6E97C /* Xib-Starter */,
				EF0BFBD52950676E00C6E97C /* Products */,
			);
			sourceTree = "<group>";
		};
		EF0BFBD52950676E00C6E97C /* Products */ = {
			isa = PBXGroup;
			children = (
				EF0BFBD42950676E00C6E97C /* Xib-Starter.app */,
			);
			name = Products;
			sourceTree = "<group>";
		};
		EF0BFBD62950676E00C6E97C /* Xib-Starter */ = {
			isa = PBXGroup;
			children = (
				EF0BFBED29506EF700C6E97C /* Views */,
				EF0BFBEC29506EEE00C6E97C /* Supports */,
				EF0BFBEB29506EE000C6E97C /*  ViewControllers */,
				EF0BFBDD2950676E00C6E97C /* Main.storyboard */,
				EF0BFBE02950676F00C6E97C /* Assets.xcassets */,
				EF0BFBE22950676F00C6E97C /* LaunchScreen.storyboard */,
				EF0BFBE52950676F00C6E97C /* Info.plist */,
			);
			path = "Xib-Starter";
			sourceTree = "<group>";
		};
		EF0BFBEB29506EE000C6E97C /*  ViewControllers */ = {
			isa = PBXGroup;
			children = (
				EF0BFBDB2950676E00C6E97C /* ViewController.swift */,
				EF4179242950738100EC74A0 /* SecondViewController.swift */,
			);
			path = " ViewControllers";
			sourceTree = "<group>";
		};
		EF0BFBEC29506EEE00C6E97C /* Supports */ = {
			isa = PBXGroup;
			children = (
				EF0BFBD72950676E00C6E97C /* AppDelegate.swift */,
				EF0BFBD92950676E00C6E97C /* SceneDelegate.swift */,
			);
			path = Supports;
			sourceTree = "<group>";
		};
		EF0BFBED29506EF700C6E97C /* Views */ = {
			isa = PBXGroup;
			children = (
				EF0BFBF029506F4700C6E97C /* CustomTableViewCell.swift */,
				EF0BFBF129506F4700C6E97C /* CustomTableViewCell.xib */,
				EF0BFBF42950729300C6E97C /* CustomView.swift */,
				EF0BFBF7295072A900C6E97C /* CustomView.xib */,
			);
			path = Views;
			sourceTree = "<group>";
		};
/* End PBXGroup section */

/* Begin PBXNativeTarget section */
		EF0BFBD32950676E00C6E97C /* Xib-Starter */ = {
			isa = PBXNativeTarget;
			buildConfigurationList = EF0BFBE82950676F00C6E97C /* Build configuration list for PBXNativeTarget "Xib-Starter" */;
			buildPhases = (
				EF0BFBD02950676E00C6E97C /* Sources */,
				EF0BFBD12950676E00C6E97C /* Frameworks */,
				EF0BFBD22950676E00C6E97C /* Resources */,
			);
			buildRules = (
			);
			dependencies = (
			);
			name = "Xib-Starter";
			productName = "Xib-Starter";
			productReference = EF0BFBD42950676E00C6E97C /* Xib-Starter.app */;
			productType = "com.apple.product-type.application";
		};
/* End PBXNativeTarget section */

/* Begin PBXProject section */
		EF0BFBCC2950676E00C6E97C /* Project object */ = {
			isa = PBXProject;
			attributes = {
				BuildIndependentTargetsInParallel = 1;
				LastSwiftUpdateCheck = 1400;
				LastUpgradeCheck = 1400;
				TargetAttributes = {
					EF0BFBD32950676E00C6E97C = {
						CreatedOnToolsVersion = 14.0.1;
					};
				};
			};
			buildConfigurationList = EF0BFBCF2950676E00C6E97C /* Build configuration list for PBXProject "Xib-Starter" */;
			compatibilityVersion = "Xcode 14.0";
			developmentRegion = en;
			hasScannedForEncodings = 0;
			knownRegions = (
				en,
				Base,
			);
			mainGroup = EF0BFBCB2950676E00C6E97C;
			productRefGroup = EF0BFBD52950676E00C6E97C /* Products */;
			projectDirPath = "";
			projectRoot = "";
			targets = (
				EF0BFBD32950676E00C6E97C /* Xib-Starter */,
			);
		};
/* End PBXProject section */

/* Begin PBXResourcesBuildPhase section */
		EF0BFBD22950676E00C6E97C /* Resources */ = {
			isa = PBXResourcesBuildPhase;
			buildActionMask = 2147483647;
			files = (
				EF0BFBE42950676F00C6E97C /* LaunchScreen.storyboard in Resources */,
				EF0BFBF8295072A900C6E97C /* CustomView.xib in Resources */,
				EF0BFBE12950676F00C6E97C /* Assets.xcassets in Resources */,
				EF0BFBF329506F4700C6E97C /* CustomTableViewCell.xib in Resources */,
				EF0BFBDF2950676E00C6E97C /* Main.storyboard in Resources */,
			);
			runOnlyForDeploymentPostprocessing = 0;
		};
/* End PBXResourcesBuildPhase section */

/* Begin PBXSourcesBuildPhase section */
		EF0BFBD02950676E00C6E97C /* Sources */ = {
			isa = PBXSourcesBuildPhase;
			buildActionMask = 2147483647;
			files = (
				EF4179252950738100EC74A0 /* SecondViewController.swift in Sources */,
				EF0BFBF52950729300C6E97C /* CustomView.swift in Sources */,
				EF0BFBDC2950676E00C6E97C /* ViewController.swift in Sources */,
				EF0BFBD82950676E00C6E97C /* AppDelegate.swift in Sources */,
				EF0BFBF229506F4700C6E97C /* CustomTableViewCell.swift in Sources */,
				EF0BFBDA2950676E00C6E97C /* SceneDelegate.swift in Sources */,
			);
			runOnlyForDeploymentPostprocessing = 0;
		};
/* End PBXSourcesBuildPhase section */

/* Begin PBXVariantGroup section */
		EF0BFBDD2950676E00C6E97C /* Main.storyboard */ = {
			isa = PBXVariantGroup;
			children = (
				EF0BFBDE2950676E00C6E97C /* Base */,
			);
			name = Main.storyboard;
			sourceTree = "<group>";
		};
		EF0BFBE22950676F00C6E97C /* LaunchScreen.storyboard */ = {
			isa = PBXVariantGroup;
			children = (
				EF0BFBE32950676F00C6E97C /* Base */,
			);
			name = LaunchScreen.storyboard;
			sourceTree = "<group>";
		};
/* End PBXVariantGroup section */

/* Begin XCBuildConfiguration section */
		EF0BFBE62950676F00C6E97C /* Debug */ = {
			isa = XCBuildConfiguration;
			buildSettings = {
				ALWAYS_SEARCH_USER_PATHS = NO;
				CLANG_ANALYZER_NONNULL = YES;
				CLANG_ANALYZER_NUMBER_OBJECT_CONVERSION = YES_AGGRESSIVE;
				CLANG_CXX_LANGUAGE_STANDARD = "gnu++20";
				CLANG_ENABLE_MODULES = YES;
				CLANG_ENABLE_OBJC_ARC = YES;
				CLANG_ENABLE_OBJC_WEAK = YES;
				CLANG_WARN_BLOCK_CAPTURE_AUTORELEASING = YES;
				CLANG_WARN_BOOL_CONVERSION = YES;
				CLANG_WARN_COMMA = YES;
				CLANG_WARN_CONSTANT_CONVERSION = YES;
				CLANG_WARN_DEPRECATED_OBJC_IMPLEMENTATIONS = YES;
				CLANG_WARN_DIRECT_OBJC_ISA_USAGE = YES_ERROR;
				CLANG_WARN_DOCUMENTATION_COMMENTS = YES;
				CLANG_WARN_EMPTY_BODY = YES;
				CLANG_WARN_ENUM_CONVERSION = YES;
				CLANG_WARN_INFINITE_RECURSION = YES;
				CLANG_WARN_INT_CONVERSION = YES;
				CLANG_WARN_NON_LITERAL_NULL_CONVERSION = YES;
				CLANG_WARN_OBJC_IMPLICIT_RETAIN_SELF = YES;
				CLANG_WARN_OBJC_LITERAL_CONVERSION = YES;
				CLANG_WARN_OBJC_ROOT_CLASS = YES_ERROR;
				CLANG_WARN_QUOTED_INCLUDE_IN_FRAMEWORK_HEADER = YES;
				CLANG_WARN_RANGE_LOOP_ANALYSIS = YES;
				CLANG_WARN_STRICT_PROTOTYPES = YES;
				CLANG_WARN_SUSPICIOUS_MOVE = YES;
				CLANG_WARN_UNGUARDED_AVAILABILITY = YES_AGGRESSIVE;
				CLANG_WARN_UNREACHABLE_CODE = YES;
				CLANG_WARN__DUPLICATE_METHOD_MATCH = YES;
				COPY_PHASE_STRIP = NO;
				DEBUG_INFORMATION_FORMAT = dwarf;
				ENABLE_STRICT_OBJC_MSGSEND = YES;
				ENABLE_TESTABILITY = YES;
				GCC_C_LANGUAGE_STANDARD = gnu11;
				GCC_DYNAMIC_NO_PIC = NO;
				GCC_NO_COMMON_BLOCKS = YES;
				GCC_OPTIMIZATION_LEVEL = 0;
				GCC_PREPROCESSOR_DEFINITIONS = (
					"DEBUG=1",
					"$(inherited)",
				);
				GCC_WARN_64_TO_32_BIT_CONVERSION = YES;
				GCC_WARN_ABOUT_RETURN_TYPE = YES_ERROR;
				GCC_WARN_UNDECLARED_SELECTOR = YES;
				GCC_WARN_UNINITIALIZED_AUTOS = YES_AGGRESSIVE;
				GCC_WARN_UNUSED_FUNCTION = YES;
				GCC_WARN_UNUSED_VARIABLE = YES;
				IPHONEOS_DEPLOYMENT_TARGET = 16.0;
				MTL_ENABLE_DEBUG_INFO = INCLUDE_SOURCE;
				MTL_FAST_MATH = YES;
				ONLY_ACTIVE_ARCH = YES;
				SDKROOT = iphoneos;
				SWIFT_ACTIVE_COMPILATION_CONDITIONS = DEBUG;
				SWIFT_OPTIMIZATION_LEVEL = "-Onone";
			};
			name = Debug;
		};
		EF0BFBE72950676F00C6E97C /* Release */ = {
			isa = XCBuildConfiguration;
			buildSettings = {
				ALWAYS_SEARCH_USER_PATHS = NO;
				CLANG_ANALYZER_NONNULL = YES;
				CLANG_ANALYZER_NUMBER_OBJECT_CONVERSION = YES_AGGRESSIVE;
				CLANG_CXX_LANGUAGE_STANDARD = "gnu++20";
				CLANG_ENABLE_MODULES = YES;
				CLANG_ENABLE_OBJC_ARC = YES;
				CLANG_ENABLE_OBJC_WEAK = YES;
				CLANG_WARN_BLOCK_CAPTURE_AUTORELEASING = YES;
				CLANG_WARN_BOOL_CONVERSION = YES;
				CLANG_WARN_COMMA = YES;
				CLANG_WARN_CONSTANT_CONVERSION = YES;
				CLANG_WARN_DEPRECATED_OBJC_IMPLEMENTATIONS = YES;
				CLANG_WARN_DIRECT_OBJC_ISA_USAGE = YES_ERROR;
				CLANG_WARN_DOCUMENTATION_COMMENTS = YES;
				CLANG_WARN_EMPTY_BODY = YES;
				CLANG_WARN_ENUM_CONVERSION = YES;
				CLANG_WARN_INFINITE_RECURSION = YES;
				CLANG_WARN_INT_CONVERSION = YES;
				CLANG_WARN_NON_LITERAL_NULL_CONVERSION = YES;
				CLANG_WARN_OBJC_IMPLICIT_RETAIN_SELF = YES;
				CLANG_WARN_OBJC_LITERAL_CONVERSION = YES;
				CLANG_WARN_OBJC_ROOT_CLASS = YES_ERROR;
				CLANG_WARN_QUOTED_INCLUDE_IN_FRAMEWORK_HEADER = YES;
				CLANG_WARN_RANGE_LOOP_ANALYSIS = YES;
				CLANG_WARN_STRICT_PROTOTYPES = YES;
				CLANG_WARN_SUSPICIOUS_MOVE = YES;
				CLANG_WARN_UNGUARDED_AVAILABILITY = YES_AGGRESSIVE;
				CLANG_WARN_UNREACHABLE_CODE = YES;
				CLANG_WARN__DUPLICATE_METHOD_MATCH = YES;
				COPY_PHASE_STRIP = NO;
				DEBUG_INFORMATION_FORMAT = "dwarf-with-dsym";
				ENABLE_NS_ASSERTIONS = NO;
				ENABLE_STRICT_OBJC_MSGSEND = YES;
				GCC_C_LANGUAGE_STANDARD = gnu11;
				GCC_NO_COMMON_BLOCKS = YES;
				GCC_WARN_64_TO_32_BIT_CONVERSION = YES;
				GCC_WARN_ABOUT_RETURN_TYPE = YES_ERROR;
				GCC_WARN_UNDECLARED_SELECTOR = YES;
				GCC_WARN_UNINITIALIZED_AUTOS = YES_AGGRESSIVE;
				GCC_WARN_UNUSED_FUNCTION = YES;
				GCC_WARN_UNUSED_VARIABLE = YES;
				IPHONEOS_DEPLOYMENT_TARGET = 16.0;
				MTL_ENABLE_DEBUG_INFO = NO;
				MTL_FAST_MATH = YES;
				SDKROOT = iphoneos;
				SWIFT_COMPILATION_MODE = wholemodule;
				SWIFT_OPTIMIZATION_LEVEL = "-O";
				VALIDATE_PRODUCT = YES;
			};
			name = Release;
		};
		EF0BFBE92950676F00C6E97C /* Debug */ = {
			isa = XCBuildConfiguration;
			buildSettings = {
				ASSETCATALOG_COMPILER_APPICON_NAME = AppIcon;
				ASSETCATALOG_COMPILER_GLOBAL_ACCENT_COLOR_NAME = AccentColor;
				CODE_SIGN_STYLE = Automatic;
				CURRENT_PROJECT_VERSION = 1;
				DEVELOPMENT_TEAM = VL769BSNN6;
				GENERATE_INFOPLIST_FILE = YES;
				INFOPLIST_FILE = "Xib-Starter/Info.plist";
				INFOPLIST_KEY_UIApplicationSupportsIndirectInputEvents = YES;
				INFOPLIST_KEY_UILaunchStoryboardName = LaunchScreen;
				INFOPLIST_KEY_UIMainStoryboardFile = Main;
				INFOPLIST_KEY_UISupportedInterfaceOrientations_iPad = "UIInterfaceOrientationPortrait UIInterfaceOrientationPortraitUpsideDown UIInterfaceOrientationLandscapeLeft UIInterfaceOrientationLandscapeRight";
				INFOPLIST_KEY_UISupportedInterfaceOrientations_iPhone = "UIInterfaceOrientationPortrait UIInterfaceOrientationLandscapeLeft UIInterfaceOrientationLandscapeRight";
				LD_RUNPATH_SEARCH_PATHS = (
					"$(inherited)",
					"@executable_path/Frameworks",
				);
				MARKETING_VERSION = 1.0;
				PRODUCT_BUNDLE_IDENTIFIER = "com.gmail.dodogugu2632.Xib-Starter";
				PRODUCT_NAME = "$(TARGET_NAME)";
				SWIFT_EMIT_LOC_STRINGS = YES;
				SWIFT_VERSION = 5.0;
				TARGETED_DEVICE_FAMILY = "1,2";
			};
			name = Debug;
		};
		EF0BFBEA2950676F00C6E97C /* Release */ = {
			isa = XCBuildConfiguration;
			buildSettings = {
				ASSETCATALOG_COMPILER_APPICON_NAME = AppIcon;
				ASSETCATALOG_COMPILER_GLOBAL_ACCENT_COLOR_NAME = AccentColor;
				CODE_SIGN_STYLE = Automatic;
				CURRENT_PROJECT_VERSION = 1;
				DEVELOPMENT_TEAM = VL769BSNN6;
				GENERATE_INFOPLIST_FILE = YES;
				INFOPLIST_FILE = "Xib-Starter/Info.plist";
				INFOPLIST_KEY_UIApplicationSupportsIndirectInputEvents = YES;
				INFOPLIST_KEY_UILaunchStoryboardName = LaunchScreen;
				INFOPLIST_KEY_UIMainStoryboardFile = Main;
				INFOPLIST_KEY_UISupportedInterfaceOrientations_iPad = "UIInterfaceOrientationPortrait UIInterfaceOrientationPortraitUpsideDown UIInterfaceOrientationLandscapeLeft UIInterfaceOrientationLandscapeRight";
				INFOPLIST_KEY_UISupportedInterfaceOrientations_iPhone = "UIInterfaceOrientationPortrait UIInterfaceOrientationLandscapeLeft UIInterfaceOrientationLandscapeRight";
				LD_RUNPATH_SEARCH_PATHS = (
					"$(inherited)",
					"@executable_path/Frameworks",
				);
				MARKETING_VERSION = 1.0;
				PRODUCT_BUNDLE_IDENTIFIER = "com.gmail.dodogugu2632.Xib-Starter";
				PRODUCT_NAME = "$(TARGET_NAME)";
				SWIFT_EMIT_LOC_STRINGS = YES;
				SWIFT_VERSION = 5.0;
				TARGETED_DEVICE_FAMILY = "1,2";
			};
			name = Release;
		};
/* End XCBuildConfiguration section */

/* Begin XCConfigurationList section */
		EF0BFBCF2950676E00C6E97C /* Build configuration list for PBXProject "Xib-Starter" */ = {
			isa = XCConfigurationList;
			buildConfigurations = (
				EF0BFBE62950676F00C6E97C /* Debug */,
				EF0BFBE72950676F00C6E97C /* Release */,
			);
			defaultConfigurationIsVisible = 0;
			defaultConfigurationName = Release;
		};
		EF0BFBE82950676F00C6E97C /* Build configuration list for PBXNativeTarget "Xib-Starter" */ = {
			isa = XCConfigurationList;
			buildConfigurations = (
				EF0BFBE92950676F00C6E97C /* Debug */,
				EF0BFBEA2950676F00C6E97C /* Release */,
			);
			defaultConfigurationIsVisible = 0;
			defaultConfigurationName = Release;
		};
/* End XCConfigurationList section */
	};
	rootObject = EF0BFBCC2950676E00C6E97C /* Project object */;
}
