// !$*UTF8*$!
{
	archiveVersion = 1;
	classes = {
	};
	objectVersion = 55;
	objects = {

/* Begin PBXBuildFile section */
		9E92016728F1AE8A00025348 /* AppDelegate.swift in Sources */ = {isa = PBXBuildFile; fileRef = 9E92016628F1AE8A00025348 /* AppDelegate.swift */; };
		9E92016928F1AE8A00025348 /* SceneDelegate.swift in Sources */ = {isa = PBXBuildFile; fileRef = 9E92016828F1AE8A00025348 /* SceneDelegate.swift */; };
		9E92016B28F1AE8A00025348 /* CalendarViewController.swift in Sources */ = {isa = PBXBuildFile; fileRef = 9E92016A28F1AE8A00025348 /* CalendarViewController.swift */; };
		9E92016E28F1AE8A00025348 /* Main.storyboard in Resources */ = {isa = PBXBuildFile; fileRef = 9E92016C28F1AE8A00025348 /* Main.storyboard */; };
		9E92017028F1AE8D00025348 /* Assets.xcassets in Resources */ = {isa = PBXBuildFile; fileRef = 9E92016F28F1AE8D00025348 /* Assets.xcassets */; };
		9E92017328F1AE8D00025348 /* LaunchScreen.storyboard in Resources */ = {isa = PBXBuildFile; fileRef = 9E92017128F1AE8D00025348 /* LaunchScreen.storyboard */; };
		9E92017B28F1B09800025348 /* DiaryListViewController.swift in Sources */ = {isa = PBXBuildFile; fileRef = 9E92017A28F1B09800025348 /* DiaryListViewController.swift */; };
		9E92017D28F1B0A200025348 /* NewDiaryViewController.swift in Sources */ = {isa = PBXBuildFile; fileRef = 9E92017C28F1B0A200025348 /* NewDiaryViewController.swift */; };
		9E92017F28F1C3BB00025348 /* CalendarCollectionViewCell.swift in Sources */ = {isa = PBXBuildFile; fileRef = 9E92017E28F1C3BB00025348 /* CalendarCollectionViewCell.swift */; };
		9E92018528F1E3E400025348 /* TimePickerViewController.swift in Sources */ = {isa = PBXBuildFile; fileRef = 9E92018428F1E3E400025348 /* TimePickerViewController.swift */; };
		EF19063328F39BD000788DED /* diaryCalculate.swift in Sources */ = {isa = PBXBuildFile; fileRef = EF19063228F39BD000788DED /* diaryCalculate.swift */; };
		EF25161228F5261600BAC885 /* ButtonView.swift in Sources */ = {isa = PBXBuildFile; fileRef = EF25161128F5261600BAC885 /* ButtonView.swift */; };
		EF25161828F69E9800BAC885 /* DashLineView.swift in Sources */ = {isa = PBXBuildFile; fileRef = EF25161728F69E9800BAC885 /* DashLineView.swift */; };
		EF45D18328FCE63A00BFBE3C /* NextViewController3.swift in Sources */ = {isa = PBXBuildFile; fileRef = EF45D17E28FCE63900BFBE3C /* NextViewController3.swift */; };
		EF45D18428FCE63A00BFBE3C /* NextViewController2.swift in Sources */ = {isa = PBXBuildFile; fileRef = EF45D17F28FCE63900BFBE3C /* NextViewController2.swift */; };
		EF45D18528FCE63A00BFBE3C /* NextViewController5.swift in Sources */ = {isa = PBXBuildFile; fileRef = EF45D18028FCE63900BFBE3C /* NextViewController5.swift */; };
		EF45D18628FCE63A00BFBE3C /* NextViewController.swift in Sources */ = {isa = PBXBuildFile; fileRef = EF45D18128FCE63900BFBE3C /* NextViewController.swift */; };
		EF45D18728FCE63A00BFBE3C /* NextViewController4.swift in Sources */ = {isa = PBXBuildFile; fileRef = EF45D18228FCE63A00BFBE3C /* NextViewController4.swift */; };
		EF45D18F28FCE73100BFBE3C /* WriteDiaryViewController.swift in Sources */ = {isa = PBXBuildFile; fileRef = EF45D18C28FCE73100BFBE3C /* WriteDiaryViewController.swift */; };
		EF45D19128FCE73100BFBE3C /* WriteDiary+Alert.swift in Sources */ = {isa = PBXBuildFile; fileRef = EF45D18E28FCE73100BFBE3C /* WriteDiary+Alert.swift */; };
		EF45D19728FD308400BFBE3C /* WriteViewController.swift in Sources */ = {isa = PBXBuildFile; fileRef = EF45D19628FD308400BFBE3C /* WriteViewController.swift */; };
		EF72F43F28F31E7500DEF43B /* Singleton.swift in Sources */ = {isa = PBXBuildFile; fileRef = EF72F43E28F31E7500DEF43B /* Singleton.swift */; };
		EF72F44128F31EB600DEF43B /* CustomTableViewCell.swift in Sources */ = {isa = PBXBuildFile; fileRef = EF72F44028F31EB600DEF43B /* CustomTableViewCell.swift */; };
		EF72F44328F321ED00DEF43B /* Date Extension.swift in Sources */ = {isa = PBXBuildFile; fileRef = EF72F44228F321ED00DEF43B /* Date Extension.swift */; };
		EF72F44528F3220000DEF43B /* String Extension.swift in Sources */ = {isa = PBXBuildFile; fileRef = EF72F44428F3220000DEF43B /* String Extension.swift */; };
		EF754EC228FFC4FA00507C57 /* Model.swift in Sources */ = {isa = PBXBuildFile; fileRef = EF754EC128FFC4FA00507C57 /* Model.swift */; };
/* End PBXBuildFile section */

/* Begin PBXFileReference section */
		9E92016328F1AE8A00025348 /* PictureMyDiary.app */ = {isa = PBXFileReference; explicitFileType = wrapper.application; includeInIndex = 0; path = PictureMyDiary.app; sourceTree = BUILT_PRODUCTS_DIR; };
		9E92016628F1AE8A00025348 /* AppDelegate.swift */ = {isa = PBXFileReference; lastKnownFileType = sourcecode.swift; path = AppDelegate.swift; sourceTree = "<group>"; };
		9E92016828F1AE8A00025348 /* SceneDelegate.swift */ = {isa = PBXFileReference; lastKnownFileType = sourcecode.swift; path = SceneDelegate.swift; sourceTree = "<group>"; };
		9E92016A28F1AE8A00025348 /* CalendarViewController.swift */ = {isa = PBXFileReference; lastKnownFileType = sourcecode.swift; path = CalendarViewController.swift; sourceTree = "<group>"; };
		9E92016D28F1AE8A00025348 /* Base */ = {isa = PBXFileReference; lastKnownFileType = file.storyboard; name = Base; path = Base.lproj/Main.storyboard; sourceTree = "<group>"; };
		9E92016F28F1AE8D00025348 /* Assets.xcassets */ = {isa = PBXFileReference; lastKnownFileType = folder.assetcatalog; path = Assets.xcassets; sourceTree = "<group>"; };
		9E92017228F1AE8D00025348 /* Base */ = {isa = PBXFileReference; lastKnownFileType = file.storyboard; name = Base; path = Base.lproj/LaunchScreen.storyboard; sourceTree = "<group>"; };
		9E92017428F1AE8D00025348 /* Info.plist */ = {isa = PBXFileReference; lastKnownFileType = text.plist.xml; path = Info.plist; sourceTree = "<group>"; };
		9E92017A28F1B09800025348 /* DiaryListViewController.swift */ = {isa = PBXFileReference; lastKnownFileType = sourcecode.swift; path = DiaryListViewController.swift; sourceTree = "<group>"; };
		9E92017C28F1B0A200025348 /* NewDiaryViewController.swift */ = {isa = PBXFileReference; lastKnownFileType = sourcecode.swift; path = NewDiaryViewController.swift; sourceTree = "<group>"; };
		9E92017E28F1C3BB00025348 /* CalendarCollectionViewCell.swift */ = {isa = PBXFileReference; lastKnownFileType = sourcecode.swift; path = CalendarCollectionViewCell.swift; sourceTree = "<group>"; };
		9E92018428F1E3E400025348 /* TimePickerViewController.swift */ = {isa = PBXFileReference; lastKnownFileType = sourcecode.swift; path = TimePickerViewController.swift; sourceTree = "<group>"; };
		9E92018628F202F700025348 /* README.md */ = {isa = PBXFileReference; lastKnownFileType = net.daringfireball.markdown; path = README.md; sourceTree = "<group>"; };
		EF19063228F39BD000788DED /* diaryCalculate.swift */ = {isa = PBXFileReference; lastKnownFileType = sourcecode.swift; path = diaryCalculate.swift; sourceTree = "<group>"; };
		EF25161128F5261600BAC885 /* ButtonView.swift */ = {isa = PBXFileReference; lastKnownFileType = sourcecode.swift; path = ButtonView.swift; sourceTree = "<group>"; };
		EF25161728F69E9800BAC885 /* DashLineView.swift */ = {isa = PBXFileReference; lastKnownFileType = sourcecode.swift; path = DashLineView.swift; sourceTree = "<group>"; };
		EF45D17E28FCE63900BFBE3C /* NextViewController3.swift */ = {isa = PBXFileReference; fileEncoding = 4; lastKnownFileType = sourcecode.swift; path = NextViewController3.swift; sourceTree = "<group>"; };
		EF45D17F28FCE63900BFBE3C /* NextViewController2.swift */ = {isa = PBXFileReference; fileEncoding = 4; lastKnownFileType = sourcecode.swift; path = NextViewController2.swift; sourceTree = "<group>"; };
		EF45D18028FCE63900BFBE3C /* NextViewController5.swift */ = {isa = PBXFileReference; fileEncoding = 4; lastKnownFileType = sourcecode.swift; path = NextViewController5.swift; sourceTree = "<group>"; };
		EF45D18128FCE63900BFBE3C /* NextViewController.swift */ = {isa = PBXFileReference; fileEncoding = 4; lastKnownFileType = sourcecode.swift; path = NextViewController.swift; sourceTree = "<group>"; };
		EF45D18228FCE63A00BFBE3C /* NextViewController4.swift */ = {isa = PBXFileReference; fileEncoding = 4; lastKnownFileType = sourcecode.swift; path = NextViewController4.swift; sourceTree = "<group>"; };
		EF45D18C28FCE73100BFBE3C /* WriteDiaryViewController.swift */ = {isa = PBXFileReference; fileEncoding = 4; lastKnownFileType = sourcecode.swift; path = WriteDiaryViewController.swift; sourceTree = "<group>"; };
		EF45D18E28FCE73100BFBE3C /* WriteDiary+Alert.swift */ = {isa = PBXFileReference; fileEncoding = 4; lastKnownFileType = sourcecode.swift; path = "WriteDiary+Alert.swift"; sourceTree = "<group>"; };
		EF45D19628FD308400BFBE3C /* WriteViewController.swift */ = {isa = PBXFileReference; lastKnownFileType = sourcecode.swift; path = WriteViewController.swift; sourceTree = "<group>"; };
		EF72F43E28F31E7500DEF43B /* Singleton.swift */ = {isa = PBXFileReference; lastKnownFileType = sourcecode.swift; path = Singleton.swift; sourceTree = "<group>"; };
		EF72F44028F31EB600DEF43B /* CustomTableViewCell.swift */ = {isa = PBXFileReference; lastKnownFileType = sourcecode.swift; path = CustomTableViewCell.swift; sourceTree = "<group>"; };
		EF72F44228F321ED00DEF43B /* Date Extension.swift */ = {isa = PBXFileReference; lastKnownFileType = sourcecode.swift; path = "Date Extension.swift"; sourceTree = "<group>"; };
		EF72F44428F3220000DEF43B /* String Extension.swift */ = {isa = PBXFileReference; lastKnownFileType = sourcecode.swift; path = "String Extension.swift"; sourceTree = "<group>"; };
		EF754EC128FFC4FA00507C57 /* Model.swift */ = {isa = PBXFileReference; fileEncoding = 4; lastKnownFileType = sourcecode.swift; path = Model.swift; sourceTree = "<group>"; };
/* End PBXFileReference section */

/* Begin PBXFrameworksBuildPhase section */
		9E92016028F1AE8A00025348 /* Frameworks */ = {
			isa = PBXFrameworksBuildPhase;
			buildActionMask = 2147483647;
			files = (
			);
			runOnlyForDeploymentPostprocessing = 0;
		};
/* End PBXFrameworksBuildPhase section */

/* Begin PBXGroup section */
		9E92015A28F1AE8A00025348 = {
			isa = PBXGroup;
			children = (
				9E92016528F1AE8A00025348 /* PictureMyDiary */,
				9E92016428F1AE8A00025348 /* Products */,
			);
			sourceTree = "<group>";
		};
		9E92016428F1AE8A00025348 /* Products */ = {
			isa = PBXGroup;
			children = (
				9E92016328F1AE8A00025348 /* PictureMyDiary.app */,
			);
			name = Products;
			sourceTree = "<group>";
		};
		9E92016528F1AE8A00025348 /* PictureMyDiary */ = {
			isa = PBXGroup;
			children = (
				EF45D19528FD0CFF00BFBE3C /* Files */,
				EF45D19428FD0CEF00BFBE3C /* Supports */,
				EF45D19328FD0CD200BFBE3C /* Calendar */,
				EF45D19228FD0CAB00BFBE3C /* Extension */,
				EF45D17D28FCE60F00BFBE3C /* NextVC */,
				EF72F44628F3220F00DEF43B /* 추가, 수정한 부분들 */,
				EF45D18928FCE70300BFBE3C /* 코드 합치는 중... */,
			);
			path = PictureMyDiary;
			sourceTree = "<group>";
		};
		EF45D17D28FCE60F00BFBE3C /* NextVC */ = {
			isa = PBXGroup;
			children = (
				EF45D18128FCE63900BFBE3C /* NextViewController.swift */,
				EF45D17F28FCE63900BFBE3C /* NextViewController2.swift */,
				EF45D17E28FCE63900BFBE3C /* NextViewController3.swift */,
				EF45D18228FCE63A00BFBE3C /* NextViewController4.swift */,
				EF45D18028FCE63900BFBE3C /* NextViewController5.swift */,
				EF45D19628FD308400BFBE3C /* WriteViewController.swift */,
			);
			path = NextVC;
			sourceTree = "<group>";
		};
		EF45D18928FCE70300BFBE3C /* 코드 합치는 중... */ = {
			isa = PBXGroup;
			children = (
				9E92017C28F1B0A200025348 /* NewDiaryViewController.swift */,
				EF45D18E28FCE73100BFBE3C /* WriteDiary+Alert.swift */,
				EF45D18C28FCE73100BFBE3C /* WriteDiaryViewController.swift */,
				EF754EC128FFC4FA00507C57 /* Model.swift */,
			);
			name = "코드 합치는 중...";
			path = "코드 합치는 중...";
			sourceTree = "<group>";
		};
		EF45D19228FD0CAB00BFBE3C /* Extension */ = {
			isa = PBXGroup;
			children = (
				EF72F44428F3220000DEF43B /* String Extension.swift */,
				EF72F44228F321ED00DEF43B /* Date Extension.swift */,
			);
			path = Extension;
			sourceTree = "<group>";
		};
		EF45D19328FD0CD200BFBE3C /* Calendar */ = {
			isa = PBXGroup;
			children = (
				9E92016A28F1AE8A00025348 /* CalendarViewController.swift */,
				9E92017E28F1C3BB00025348 /* CalendarCollectionViewCell.swift */,
				9E92018428F1E3E400025348 /* TimePickerViewController.swift */,
			);
			path = Calendar;
			sourceTree = "<group>";
		};
		EF45D19428FD0CEF00BFBE3C /* Supports */ = {
			isa = PBXGroup;
			children = (
				9E92016628F1AE8A00025348 /* AppDelegate.swift */,
				9E92016828F1AE8A00025348 /* SceneDelegate.swift */,
			);
			path = Supports;
			sourceTree = "<group>";
		};
		EF45D19528FD0CFF00BFBE3C /* Files */ = {
			isa = PBXGroup;
			children = (
				9E92016C28F1AE8A00025348 /* Main.storyboard */,
				9E92016F28F1AE8D00025348 /* Assets.xcassets */,
				9E92017128F1AE8D00025348 /* LaunchScreen.storyboard */,
				9E92017428F1AE8D00025348 /* Info.plist */,
				9E92018628F202F700025348 /* README.md */,
			);
			path = Files;
			sourceTree = "<group>";
		};
		EF72F44628F3220F00DEF43B /* 추가, 수정한 부분들 */ = {
			isa = PBXGroup;
			children = (
				9E92017A28F1B09800025348 /* DiaryListViewController.swift */,
				EF72F44028F31EB600DEF43B /* CustomTableViewCell.swift */,
				EF19063228F39BD000788DED /* diaryCalculate.swift */,
				EF25161128F5261600BAC885 /* ButtonView.swift */,
				EF25161728F69E9800BAC885 /* DashLineView.swift */,
				EF72F43E28F31E7500DEF43B /* Singleton.swift */,
			);
			name = "추가, 수정한 부분들";
			path = "추가, 수정한 부분들";
			sourceTree = "<group>";
		};
/* End PBXGroup section */

/* Begin PBXNativeTarget section */
		9E92016228F1AE8A00025348 /* PictureMyDiary */ = {
			isa = PBXNativeTarget;
			buildConfigurationList = 9E92017728F1AE8D00025348 /* Build configuration list for PBXNativeTarget "PictureMyDiary" */;
			buildPhases = (
				9E92015F28F1AE8A00025348 /* Sources */,
				9E92016028F1AE8A00025348 /* Frameworks */,
				9E92016128F1AE8A00025348 /* Resources */,
			);
			buildRules = (
			);
			dependencies = (
			);
			name = PictureMyDiary;
			productName = PictureMyDiary;
			productReference = 9E92016328F1AE8A00025348 /* PictureMyDiary.app */;
			productType = "com.apple.product-type.application";
		};
/* End PBXNativeTarget section */

/* Begin PBXProject section */
		9E92015B28F1AE8A00025348 /* Project object */ = {
			isa = PBXProject;
			attributes = {
				BuildIndependentTargetsInParallel = 1;
				LastSwiftUpdateCheck = 1340;
				LastUpgradeCheck = 1340;
				TargetAttributes = {
					9E92016228F1AE8A00025348 = {
						CreatedOnToolsVersion = 13.4.1;
					};
				};
			};
			buildConfigurationList = 9E92015E28F1AE8A00025348 /* Build configuration list for PBXProject "PictureMyDiary" */;
			compatibilityVersion = "Xcode 13.0";
			developmentRegion = en;
			hasScannedForEncodings = 0;
			knownRegions = (
				en,
				Base,
			);
			mainGroup = 9E92015A28F1AE8A00025348;
			productRefGroup = 9E92016428F1AE8A00025348 /* Products */;
			projectDirPath = "";
			projectRoot = "";
			targets = (
				9E92016228F1AE8A00025348 /* PictureMyDiary */,
			);
		};
/* End PBXProject section */

/* Begin PBXResourcesBuildPhase section */
		9E92016128F1AE8A00025348 /* Resources */ = {
			isa = PBXResourcesBuildPhase;
			buildActionMask = 2147483647;
			files = (
				9E92017328F1AE8D00025348 /* LaunchScreen.storyboard in Resources */,
				9E92017028F1AE8D00025348 /* Assets.xcassets in Resources */,
				9E92016E28F1AE8A00025348 /* Main.storyboard in Resources */,
			);
			runOnlyForDeploymentPostprocessing = 0;
		};
/* End PBXResourcesBuildPhase section */

/* Begin PBXSourcesBuildPhase section */
		9E92015F28F1AE8A00025348 /* Sources */ = {
			isa = PBXSourcesBuildPhase;
			buildActionMask = 2147483647;
			files = (
				EF72F44528F3220000DEF43B /* String Extension.swift in Sources */,
				EF72F44328F321ED00DEF43B /* Date Extension.swift in Sources */,
				EF19063328F39BD000788DED /* diaryCalculate.swift in Sources */,
				EF72F44128F31EB600DEF43B /* CustomTableViewCell.swift in Sources */,
				EF45D18328FCE63A00BFBE3C /* NextViewController3.swift in Sources */,
				9E92017F28F1C3BB00025348 /* CalendarCollectionViewCell.swift in Sources */,
				9E92017B28F1B09800025348 /* DiaryListViewController.swift in Sources */,
				EF45D19128FCE73100BFBE3C /* WriteDiary+Alert.swift in Sources */,
				EF25161828F69E9800BAC885 /* DashLineView.swift in Sources */,
				9E92016B28F1AE8A00025348 /* CalendarViewController.swift in Sources */,
				EF45D19728FD308400BFBE3C /* WriteViewController.swift in Sources */,
				EF45D18F28FCE73100BFBE3C /* WriteDiaryViewController.swift in Sources */,
				9E92016728F1AE8A00025348 /* AppDelegate.swift in Sources */,
				EF45D18428FCE63A00BFBE3C /* NextViewController2.swift in Sources */,
				EF754EC228FFC4FA00507C57 /* Model.swift in Sources */,
				9E92018528F1E3E400025348 /* TimePickerViewController.swift in Sources */,
				EF25161228F5261600BAC885 /* ButtonView.swift in Sources */,
				EF45D18728FCE63A00BFBE3C /* NextViewController4.swift in Sources */,
				EF72F43F28F31E7500DEF43B /* Singleton.swift in Sources */,
				9E92016928F1AE8A00025348 /* SceneDelegate.swift in Sources */,
				EF45D18628FCE63A00BFBE3C /* NextViewController.swift in Sources */,
				9E92017D28F1B0A200025348 /* NewDiaryViewController.swift in Sources */,
				EF45D18528FCE63A00BFBE3C /* NextViewController5.swift in Sources */,
			);
			runOnlyForDeploymentPostprocessing = 0;
		};
/* End PBXSourcesBuildPhase section */

/* Begin PBXVariantGroup section */
		9E92016C28F1AE8A00025348 /* Main.storyboard */ = {
			isa = PBXVariantGroup;
			children = (
				9E92016D28F1AE8A00025348 /* Base */,
			);
			name = Main.storyboard;
			sourceTree = "<group>";
		};
		9E92017128F1AE8D00025348 /* LaunchScreen.storyboard */ = {
			isa = PBXVariantGroup;
			children = (
				9E92017228F1AE8D00025348 /* Base */,
			);
			name = LaunchScreen.storyboard;
			sourceTree = "<group>";
		};
/* End PBXVariantGroup section */

/* Begin XCBuildConfiguration section */
		9E92017528F1AE8D00025348 /* Debug */ = {
			isa = XCBuildConfiguration;
			buildSettings = {
				ALWAYS_SEARCH_USER_PATHS = NO;
				CLANG_ANALYZER_NONNULL = YES;
				CLANG_ANALYZER_NUMBER_OBJECT_CONVERSION = YES_AGGRESSIVE;
				CLANG_CXX_LANGUAGE_STANDARD = "gnu++17";
				CLANG_ENABLE_MODULES = YES;
				CLANG_ENABLE_OBJC_ARC = YES;
				CLANG_ENABLE_OBJC_WEAK = YES;
				CLANG_WARN_BLOCK_CAPTURE_AUTORELEASING = YES;
				CLANG_WARN_BOOL_CONVERSION = YES;
				CLANG_WARN_COMMA = YES;
				CLANG_WARN_CONSTANT_CONVERSION = YES;
				CLANG_WARN_DEPRECATED_OBJC_IMPLEMENTATIONS = YES;
				CLANG_WARN_DIRECT_OBJC_ISA_USAGE = YES_ERROR;
				CLANG_WARN_DOCUMENTATION_COMMENTS = YES;
				CLANG_WARN_EMPTY_BODY = YES;
				CLANG_WARN_ENUM_CONVERSION = YES;
				CLANG_WARN_INFINITE_RECURSION = YES;
				CLANG_WARN_INT_CONVERSION = YES;
				CLANG_WARN_NON_LITERAL_NULL_CONVERSION = YES;
				CLANG_WARN_OBJC_IMPLICIT_RETAIN_SELF = YES;
				CLANG_WARN_OBJC_LITERAL_CONVERSION = YES;
				CLANG_WARN_OBJC_ROOT_CLASS = YES_ERROR;
				CLANG_WARN_QUOTED_INCLUDE_IN_FRAMEWORK_HEADER = YES;
				CLANG_WARN_RANGE_LOOP_ANALYSIS = YES;
				CLANG_WARN_STRICT_PROTOTYPES = YES;
				CLANG_WARN_SUSPICIOUS_MOVE = YES;
				CLANG_WARN_UNGUARDED_AVAILABILITY = YES_AGGRESSIVE;
				CLANG_WARN_UNREACHABLE_CODE = YES;
				CLANG_WARN__DUPLICATE_METHOD_MATCH = YES;
				COPY_PHASE_STRIP = NO;
				DEBUG_INFORMATION_FORMAT = dwarf;
				ENABLE_STRICT_OBJC_MSGSEND = YES;
				ENABLE_TESTABILITY = YES;
				GCC_C_LANGUAGE_STANDARD = gnu11;
				GCC_DYNAMIC_NO_PIC = NO;
				GCC_NO_COMMON_BLOCKS = YES;
				GCC_OPTIMIZATION_LEVEL = 0;
				GCC_PREPROCESSOR_DEFINITIONS = (
					"DEBUG=1",
					"$(inherited)",
				);
				GCC_WARN_64_TO_32_BIT_CONVERSION = YES;
				GCC_WARN_ABOUT_RETURN_TYPE = YES_ERROR;
				GCC_WARN_UNDECLARED_SELECTOR = YES;
				GCC_WARN_UNINITIALIZED_AUTOS = YES_AGGRESSIVE;
				GCC_WARN_UNUSED_FUNCTION = YES;
				GCC_WARN_UNUSED_VARIABLE = YES;
				IPHONEOS_DEPLOYMENT_TARGET = 15.5;
				MTL_ENABLE_DEBUG_INFO = INCLUDE_SOURCE;
				MTL_FAST_MATH = YES;
				ONLY_ACTIVE_ARCH = YES;
				SDKROOT = iphoneos;
				SWIFT_ACTIVE_COMPILATION_CONDITIONS = DEBUG;
				SWIFT_OPTIMIZATION_LEVEL = "-Onone";
			};
			name = Debug;
		};
		9E92017628F1AE8D00025348 /* Release */ = {
			isa = XCBuildConfiguration;
			buildSettings = {
				ALWAYS_SEARCH_USER_PATHS = NO;
				CLANG_ANALYZER_NONNULL = YES;
				CLANG_ANALYZER_NUMBER_OBJECT_CONVERSION = YES_AGGRESSIVE;
				CLANG_CXX_LANGUAGE_STANDARD = "gnu++17";
				CLANG_ENABLE_MODULES = YES;
				CLANG_ENABLE_OBJC_ARC = YES;
				CLANG_ENABLE_OBJC_WEAK = YES;
				CLANG_WARN_BLOCK_CAPTURE_AUTORELEASING = YES;
				CLANG_WARN_BOOL_CONVERSION = YES;
				CLANG_WARN_COMMA = YES;
				CLANG_WARN_CONSTANT_CONVERSION = YES;
				CLANG_WARN_DEPRECATED_OBJC_IMPLEMENTATIONS = YES;
				CLANG_WARN_DIRECT_OBJC_ISA_USAGE = YES_ERROR;
				CLANG_WARN_DOCUMENTATION_COMMENTS = YES;
				CLANG_WARN_EMPTY_BODY = YES;
				CLANG_WARN_ENUM_CONVERSION = YES;
				CLANG_WARN_INFINITE_RECURSION = YES;
				CLANG_WARN_INT_CONVERSION = YES;
				CLANG_WARN_NON_LITERAL_NULL_CONVERSION = YES;
				CLANG_WARN_OBJC_IMPLICIT_RETAIN_SELF = YES;
				CLANG_WARN_OBJC_LITERAL_CONVERSION = YES;
				CLANG_WARN_OBJC_ROOT_CLASS = YES_ERROR;
				CLANG_WARN_QUOTED_INCLUDE_IN_FRAMEWORK_HEADER = YES;
				CLANG_WARN_RANGE_LOOP_ANALYSIS = YES;
				CLANG_WARN_STRICT_PROTOTYPES = YES;
				CLANG_WARN_SUSPICIOUS_MOVE = YES;
				CLANG_WARN_UNGUARDED_AVAILABILITY = YES_AGGRESSIVE;
				CLANG_WARN_UNREACHABLE_CODE = YES;
				CLANG_WARN__DUPLICATE_METHOD_MATCH = YES;
				COPY_PHASE_STRIP = NO;
				DEBUG_INFORMATION_FORMAT = "dwarf-with-dsym";
				ENABLE_NS_ASSERTIONS = NO;
				ENABLE_STRICT_OBJC_MSGSEND = YES;
				GCC_C_LANGUAGE_STANDARD = gnu11;
				GCC_NO_COMMON_BLOCKS = YES;
				GCC_WARN_64_TO_32_BIT_CONVERSION = YES;
				GCC_WARN_ABOUT_RETURN_TYPE = YES_ERROR;
				GCC_WARN_UNDECLARED_SELECTOR = YES;
				GCC_WARN_UNINITIALIZED_AUTOS = YES_AGGRESSIVE;
				GCC_WARN_UNUSED_FUNCTION = YES;
				GCC_WARN_UNUSED_VARIABLE = YES;
				IPHONEOS_DEPLOYMENT_TARGET = 15.5;
				MTL_ENABLE_DEBUG_INFO = NO;
				MTL_FAST_MATH = YES;
				SDKROOT = iphoneos;
				SWIFT_COMPILATION_MODE = wholemodule;
				SWIFT_OPTIMIZATION_LEVEL = "-O";
				VALIDATE_PRODUCT = YES;
			};
			name = Release;
		};
		9E92017828F1AE8D00025348 /* Debug */ = {
			isa = XCBuildConfiguration;
			buildSettings = {
				ASSETCATALOG_COMPILER_APPICON_NAME = AppIcon;
				ASSETCATALOG_COMPILER_GLOBAL_ACCENT_COLOR_NAME = AccentColor;
				CODE_SIGN_STYLE = Automatic;
				CURRENT_PROJECT_VERSION = 1;
				DEVELOPMENT_TEAM = 5N8534A952;
				GENERATE_INFOPLIST_FILE = YES;
				INFOPLIST_FILE = PictureMyDiary/Files/Info.plist;
				INFOPLIST_KEY_UIApplicationSupportsIndirectInputEvents = YES;
				INFOPLIST_KEY_UILaunchStoryboardName = LaunchScreen;
				INFOPLIST_KEY_UIMainStoryboardFile = Main;
				INFOPLIST_KEY_UISupportedInterfaceOrientations_iPad = "UIInterfaceOrientationPortrait UIInterfaceOrientationPortraitUpsideDown UIInterfaceOrientationLandscapeLeft UIInterfaceOrientationLandscapeRight";
				INFOPLIST_KEY_UISupportedInterfaceOrientations_iPhone = "UIInterfaceOrientationPortrait UIInterfaceOrientationLandscapeLeft UIInterfaceOrientationLandscapeRight";
				LD_RUNPATH_SEARCH_PATHS = (
					"$(inherited)",
					"@executable_path/Frameworks",
				);
				MARKETING_VERSION = 1.0;
				PRODUCT_BUNDLE_IDENTIFIER = com.gmail.jes.e.0927.PictureMyDiary;
				PRODUCT_NAME = "$(TARGET_NAME)";
				SWIFT_EMIT_LOC_STRINGS = YES;
				SWIFT_VERSION = 5.0;
				TARGETED_DEVICE_FAMILY = "1,2";
			};
			name = Debug;
		};
		9E92017928F1AE8D00025348 /* Release */ = {
			isa = XCBuildConfiguration;
			buildSettings = {
				ASSETCATALOG_COMPILER_APPICON_NAME = AppIcon;
				ASSETCATALOG_COMPILER_GLOBAL_ACCENT_COLOR_NAME = AccentColor;
				CODE_SIGN_STYLE = Automatic;
				CURRENT_PROJECT_VERSION = 1;
				DEVELOPMENT_TEAM = 5N8534A952;
				GENERATE_INFOPLIST_FILE = YES;
				INFOPLIST_FILE = PictureMyDiary/Files/Info.plist;
				INFOPLIST_KEY_UIApplicationSupportsIndirectInputEvents = YES;
				INFOPLIST_KEY_UILaunchStoryboardName = LaunchScreen;
				INFOPLIST_KEY_UIMainStoryboardFile = Main;
				INFOPLIST_KEY_UISupportedInterfaceOrientations_iPad = "UIInterfaceOrientationPortrait UIInterfaceOrientationPortraitUpsideDown UIInterfaceOrientationLandscapeLeft UIInterfaceOrientationLandscapeRight";
				INFOPLIST_KEY_UISupportedInterfaceOrientations_iPhone = "UIInterfaceOrientationPortrait UIInterfaceOrientationLandscapeLeft UIInterfaceOrientationLandscapeRight";
				LD_RUNPATH_SEARCH_PATHS = (
					"$(inherited)",
					"@executable_path/Frameworks",
				);
				MARKETING_VERSION = 1.0;
				PRODUCT_BUNDLE_IDENTIFIER = com.gmail.jes.e.0927.PictureMyDiary;
				PRODUCT_NAME = "$(TARGET_NAME)";
				SWIFT_EMIT_LOC_STRINGS = YES;
				SWIFT_VERSION = 5.0;
				TARGETED_DEVICE_FAMILY = "1,2";
			};
			name = Release;
		};
/* End XCBuildConfiguration section */

/* Begin XCConfigurationList section */
		9E92015E28F1AE8A00025348 /* Build configuration list for PBXProject "PictureMyDiary" */ = {
			isa = XCConfigurationList;
			buildConfigurations = (
				9E92017528F1AE8D00025348 /* Debug */,
				9E92017628F1AE8D00025348 /* Release */,
			);
			defaultConfigurationIsVisible = 0;
			defaultConfigurationName = Release;
		};
		9E92017728F1AE8D00025348 /* Build configuration list for PBXNativeTarget "PictureMyDiary" */ = {
			isa = XCConfigurationList;
			buildConfigurations = (
				9E92017828F1AE8D00025348 /* Debug */,
				9E92017928F1AE8D00025348 /* Release */,
			);
			defaultConfigurationIsVisible = 0;
			defaultConfigurationName = Release;
		};
/* End XCConfigurationList section */
	};
	rootObject = 9E92015B28F1AE8A00025348 /* Project object */;
}
