// !$*UTF8*$!
{
	archiveVersion = 1;
	classes = {
	};
	objectVersion = 55;
	objects = {

/* Begin PBXBuildFile section */
		EF1F2D6628BE5C09005419A6 /* Date&StringExtension.swift in Sources */ = {isa = PBXBuildFile; fileRef = EF1F2D6528BE5C09005419A6 /* Date&StringExtension.swift */; };
		EF39A95F28C07D04002F1884 /* MainViewControllerExtension.swift in Sources */ = {isa = PBXBuildFile; fileRef = EF39A95E28C07D04002F1884 /* MainViewControllerExtension.swift */; };
		EF39A96128C07DD1002F1884 /* MyPageViewController.swift in Sources */ = {isa = PBXBuildFile; fileRef = EF39A96028C07DD1002F1884 /* MyPageViewController.swift */; };
		EF39A96328C10506002F1884 /* LoginViewController.swift in Sources */ = {isa = PBXBuildFile; fileRef = EF39A96228C10506002F1884 /* LoginViewController.swift */; };
		EF45345028B7480C009358E6 /* AppDelegate.swift in Sources */ = {isa = PBXBuildFile; fileRef = EF45344F28B7480C009358E6 /* AppDelegate.swift */; };
		EF45345228B7480C009358E6 /* SceneDelegate.swift in Sources */ = {isa = PBXBuildFile; fileRef = EF45345128B7480C009358E6 /* SceneDelegate.swift */; };
		EF45345428B7480C009358E6 /* StartViewController.swift in Sources */ = {isa = PBXBuildFile; fileRef = EF45345328B7480C009358E6 /* StartViewController.swift */; };
		EF45345928B7480C009358E6 /* Assets.xcassets in Resources */ = {isa = PBXBuildFile; fileRef = EF45345828B7480C009358E6 /* Assets.xcassets */; };
		EF45345C28B7480C009358E6 /* LaunchScreen.storyboard in Resources */ = {isa = PBXBuildFile; fileRef = EF45345A28B7480C009358E6 /* LaunchScreen.storyboard */; };
		EF45346428B74CB5009358E6 /* MainViewController.swift in Sources */ = {isa = PBXBuildFile; fileRef = EF45346328B74CB5009358E6 /* MainViewController.swift */; };
		EF5BB20A28BA040100618B40 /* CustomCollectionViewCell.swift in Sources */ = {isa = PBXBuildFile; fileRef = EF5BB20928BA040100618B40 /* CustomCollectionViewCell.swift */; };
		EFAD9EA328BB7A4200836BBF /* AddViewController.swift in Sources */ = {isa = PBXBuildFile; fileRef = EFAD9EA228BB7A4200836BBF /* AddViewController.swift */; };
/* End PBXBuildFile section */

/* Begin PBXFileReference section */
		EF1F2D6528BE5C09005419A6 /* Date&StringExtension.swift */ = {isa = PBXFileReference; lastKnownFileType = sourcecode.swift; path = "Date&StringExtension.swift"; sourceTree = "<group>"; };
		EF39A95E28C07D04002F1884 /* MainViewControllerExtension.swift */ = {isa = PBXFileReference; lastKnownFileType = sourcecode.swift; path = MainViewControllerExtension.swift; sourceTree = "<group>"; };
		EF39A96028C07DD1002F1884 /* MyPageViewController.swift */ = {isa = PBXFileReference; lastKnownFileType = sourcecode.swift; path = MyPageViewController.swift; sourceTree = "<group>"; };
		EF39A96228C10506002F1884 /* LoginViewController.swift */ = {isa = PBXFileReference; lastKnownFileType = sourcecode.swift; path = LoginViewController.swift; sourceTree = "<group>"; };
		EF45344C28B7480C009358E6 /* ShelfLife.app */ = {isa = PBXFileReference; explicitFileType = wrapper.application; includeInIndex = 0; path = ShelfLife.app; sourceTree = BUILT_PRODUCTS_DIR; };
		EF45344F28B7480C009358E6 /* AppDelegate.swift */ = {isa = PBXFileReference; lastKnownFileType = sourcecode.swift; path = AppDelegate.swift; sourceTree = "<group>"; };
		EF45345128B7480C009358E6 /* SceneDelegate.swift */ = {isa = PBXFileReference; lastKnownFileType = sourcecode.swift; path = SceneDelegate.swift; sourceTree = "<group>"; };
		EF45345328B7480C009358E6 /* StartViewController.swift */ = {isa = PBXFileReference; lastKnownFileType = sourcecode.swift; path = StartViewController.swift; sourceTree = "<group>"; };
		EF45345828B7480C009358E6 /* Assets.xcassets */ = {isa = PBXFileReference; lastKnownFileType = folder.assetcatalog; path = Assets.xcassets; sourceTree = "<group>"; };
		EF45345B28B7480C009358E6 /* Base */ = {isa = PBXFileReference; lastKnownFileType = file.storyboard; name = Base; path = Base.lproj/LaunchScreen.storyboard; sourceTree = "<group>"; };
		EF45345D28B7480C009358E6 /* Info.plist */ = {isa = PBXFileReference; lastKnownFileType = text.plist.xml; path = Info.plist; sourceTree = "<group>"; };
		EF45346328B74CB5009358E6 /* MainViewController.swift */ = {isa = PBXFileReference; lastKnownFileType = sourcecode.swift; path = MainViewController.swift; sourceTree = "<group>"; };
		EF5BB20928BA040100618B40 /* CustomCollectionViewCell.swift */ = {isa = PBXFileReference; lastKnownFileType = sourcecode.swift; path = CustomCollectionViewCell.swift; sourceTree = "<group>"; };
		EFAD9EA228BB7A4200836BBF /* AddViewController.swift */ = {isa = PBXFileReference; lastKnownFileType = sourcecode.swift; path = AddViewController.swift; sourceTree = "<group>"; };
/* End PBXFileReference section */

/* Begin PBXFrameworksBuildPhase section */
		EF45344928B7480C009358E6 /* Frameworks */ = {
			isa = PBXFrameworksBuildPhase;
			buildActionMask = 2147483647;
			files = (
			);
			runOnlyForDeploymentPostprocessing = 0;
		};
/* End PBXFrameworksBuildPhase section */

/* Begin PBXGroup section */
		EF09EE5A28BBD8DD008C5DAD /* Model */ = {
			isa = PBXGroup;
			children = (
				EF5BB20928BA040100618B40 /* CustomCollectionViewCell.swift */,
			);
			path = Model;
			sourceTree = "<group>";
		};
		EF09EE5B28BBD8EC008C5DAD /* Controller */ = {
			isa = PBXGroup;
			children = (
				EF45345328B7480C009358E6 /* StartViewController.swift */,
				EF45346328B74CB5009358E6 /* MainViewController.swift */,
				EFAD9EA228BB7A4200836BBF /* AddViewController.swift */,
				EF39A96028C07DD1002F1884 /* MyPageViewController.swift */,
				EF39A96228C10506002F1884 /* LoginViewController.swift */,
			);
			path = Controller;
			sourceTree = "<group>";
		};
		EF09EE5C28BBD908008C5DAD /* Files */ = {
			isa = PBXGroup;
			children = (
				EF45345828B7480C009358E6 /* Assets.xcassets */,
				EF45345A28B7480C009358E6 /* LaunchScreen.storyboard */,
				EF45345D28B7480C009358E6 /* Info.plist */,
			);
			path = Files;
			sourceTree = "<group>";
		};
		EF1F2D6728BE5C13005419A6 /* Extension */ = {
			isa = PBXGroup;
			children = (
				EF1F2D6528BE5C09005419A6 /* Date&StringExtension.swift */,
				EF39A95E28C07D04002F1884 /* MainViewControllerExtension.swift */,
			);
			path = Extension;
			sourceTree = "<group>";
		};
		EF45344328B7480C009358E6 = {
			isa = PBXGroup;
			children = (
				EF45344E28B7480C009358E6 /* ShelfLife */,
				EF45344D28B7480C009358E6 /* Products */,
			);
			sourceTree = "<group>";
		};
		EF45344D28B7480C009358E6 /* Products */ = {
			isa = PBXGroup;
			children = (
				EF45344C28B7480C009358E6 /* ShelfLife.app */,
			);
			name = Products;
			sourceTree = "<group>";
		};
		EF45344E28B7480C009358E6 /* ShelfLife */ = {
			isa = PBXGroup;
			children = (
				EF45344F28B7480C009358E6 /* AppDelegate.swift */,
				EF45345128B7480C009358E6 /* SceneDelegate.swift */,
				EF1F2D6728BE5C13005419A6 /* Extension */,
				EF09EE5B28BBD8EC008C5DAD /* Controller */,
				EF09EE5A28BBD8DD008C5DAD /* Model */,
				EF09EE5C28BBD908008C5DAD /* Files */,
			);
			path = ShelfLife;
			sourceTree = "<group>";
		};
/* End PBXGroup section */

/* Begin PBXNativeTarget section */
		EF45344B28B7480C009358E6 /* ShelfLife */ = {
			isa = PBXNativeTarget;
			buildConfigurationList = EF45346028B7480C009358E6 /* Build configuration list for PBXNativeTarget "ShelfLife" */;
			buildPhases = (
				EF45344828B7480C009358E6 /* Sources */,
				EF45344928B7480C009358E6 /* Frameworks */,
				EF45344A28B7480C009358E6 /* Resources */,
			);
			buildRules = (
			);
			dependencies = (
			);
			name = ShelfLife;
			productName = ShelfLife;
			productReference = EF45344C28B7480C009358E6 /* ShelfLife.app */;
			productType = "com.apple.product-type.application";
		};
/* End PBXNativeTarget section */

/* Begin PBXProject section */
		EF45344428B7480C009358E6 /* Project object */ = {
			isa = PBXProject;
			attributes = {
				BuildIndependentTargetsInParallel = 1;
				LastSwiftUpdateCheck = 1340;
				LastUpgradeCheck = 1340;
				TargetAttributes = {
					EF45344B28B7480C009358E6 = {
						CreatedOnToolsVersion = 13.4.1;
					};
				};
			};
			buildConfigurationList = EF45344728B7480C009358E6 /* Build configuration list for PBXProject "ShelfLife" */;
			compatibilityVersion = "Xcode 13.0";
			developmentRegion = en;
			hasScannedForEncodings = 0;
			knownRegions = (
				en,
				Base,
			);
			mainGroup = EF45344328B7480C009358E6;
			productRefGroup = EF45344D28B7480C009358E6 /* Products */;
			projectDirPath = "";
			projectRoot = "";
			targets = (
				EF45344B28B7480C009358E6 /* ShelfLife */,
			);
		};
/* End PBXProject section */

/* Begin PBXResourcesBuildPhase section */
		EF45344A28B7480C009358E6 /* Resources */ = {
			isa = PBXResourcesBuildPhase;
			buildActionMask = 2147483647;
			files = (
				EF45345C28B7480C009358E6 /* LaunchScreen.storyboard in Resources */,
				EF45345928B7480C009358E6 /* Assets.xcassets in Resources */,
			);
			runOnlyForDeploymentPostprocessing = 0;
		};
/* End PBXResourcesBuildPhase section */

/* Begin PBXSourcesBuildPhase section */
		EF45344828B7480C009358E6 /* Sources */ = {
			isa = PBXSourcesBuildPhase;
			buildActionMask = 2147483647;
			files = (
				EF5BB20A28BA040100618B40 /* CustomCollectionViewCell.swift in Sources */,
				EF39A96128C07DD1002F1884 /* MyPageViewController.swift in Sources */,
				EF1F2D6628BE5C09005419A6 /* Date&StringExtension.swift in Sources */,
				EFAD9EA328BB7A4200836BBF /* AddViewController.swift in Sources */,
				EF45345428B7480C009358E6 /* StartViewController.swift in Sources */,
				EF45345028B7480C009358E6 /* AppDelegate.swift in Sources */,
				EF45345228B7480C009358E6 /* SceneDelegate.swift in Sources */,
				EF45346428B74CB5009358E6 /* MainViewController.swift in Sources */,
				EF39A96328C10506002F1884 /* LoginViewController.swift in Sources */,
				EF39A95F28C07D04002F1884 /* MainViewControllerExtension.swift in Sources */,
			);
			runOnlyForDeploymentPostprocessing = 0;
		};
/* End PBXSourcesBuildPhase section */

/* Begin PBXVariantGroup section */
		EF45345A28B7480C009358E6 /* LaunchScreen.storyboard */ = {
			isa = PBXVariantGroup;
			children = (
				EF45345B28B7480C009358E6 /* Base */,
			);
			name = LaunchScreen.storyboard;
			sourceTree = "<group>";
		};
/* End PBXVariantGroup section */

/* Begin XCBuildConfiguration section */
		EF45345E28B7480C009358E6 /* Debug */ = {
			isa = XCBuildConfiguration;
			buildSettings = {
				ALWAYS_SEARCH_USER_PATHS = NO;
				CLANG_ANALYZER_NONNULL = YES;
				CLANG_ANALYZER_NUMBER_OBJECT_CONVERSION = YES_AGGRESSIVE;
				CLANG_CXX_LANGUAGE_STANDARD = "gnu++17";
				CLANG_ENABLE_MODULES = YES;
				CLANG_ENABLE_OBJC_ARC = YES;
				CLANG_ENABLE_OBJC_WEAK = YES;
				CLANG_WARN_BLOCK_CAPTURE_AUTORELEASING = YES;
				CLANG_WARN_BOOL_CONVERSION = YES;
				CLANG_WARN_COMMA = YES;
				CLANG_WARN_CONSTANT_CONVERSION = YES;
				CLANG_WARN_DEPRECATED_OBJC_IMPLEMENTATIONS = YES;
				CLANG_WARN_DIRECT_OBJC_ISA_USAGE = YES_ERROR;
				CLANG_WARN_DOCUMENTATION_COMMENTS = YES;
				CLANG_WARN_EMPTY_BODY = YES;
				CLANG_WARN_ENUM_CONVERSION = YES;
				CLANG_WARN_INFINITE_RECURSION = YES;
				CLANG_WARN_INT_CONVERSION = YES;
				CLANG_WARN_NON_LITERAL_NULL_CONVERSION = YES;
				CLANG_WARN_OBJC_IMPLICIT_RETAIN_SELF = YES;
				CLANG_WARN_OBJC_LITERAL_CONVERSION = YES;
				CLANG_WARN_OBJC_ROOT_CLASS = YES_ERROR;
				CLANG_WARN_QUOTED_INCLUDE_IN_FRAMEWORK_HEADER = YES;
				CLANG_WARN_RANGE_LOOP_ANALYSIS = YES;
				CLANG_WARN_STRICT_PROTOTYPES = YES;
				CLANG_WARN_SUSPICIOUS_MOVE = YES;
				CLANG_WARN_UNGUARDED_AVAILABILITY = YES_AGGRESSIVE;
				CLANG_WARN_UNREACHABLE_CODE = YES;
				CLANG_WARN__DUPLICATE_METHOD_MATCH = YES;
				COPY_PHASE_STRIP = NO;
				DEBUG_INFORMATION_FORMAT = dwarf;
				ENABLE_STRICT_OBJC_MSGSEND = YES;
				ENABLE_TESTABILITY = YES;
				GCC_C_LANGUAGE_STANDARD = gnu11;
				GCC_DYNAMIC_NO_PIC = NO;
				GCC_NO_COMMON_BLOCKS = YES;
				GCC_OPTIMIZATION_LEVEL = 0;
				GCC_PREPROCESSOR_DEFINITIONS = (
					"DEBUG=1",
					"$(inherited)",
				);
				GCC_WARN_64_TO_32_BIT_CONVERSION = YES;
				GCC_WARN_ABOUT_RETURN_TYPE = YES_ERROR;
				GCC_WARN_UNDECLARED_SELECTOR = YES;
				GCC_WARN_UNINITIALIZED_AUTOS = YES_AGGRESSIVE;
				GCC_WARN_UNUSED_FUNCTION = YES;
				GCC_WARN_UNUSED_VARIABLE = YES;
				IPHONEOS_DEPLOYMENT_TARGET = 15.5;
				MTL_ENABLE_DEBUG_INFO = INCLUDE_SOURCE;
				MTL_FAST_MATH = YES;
				ONLY_ACTIVE_ARCH = YES;
				SDKROOT = iphoneos;
				SWIFT_ACTIVE_COMPILATION_CONDITIONS = DEBUG;
				SWIFT_OPTIMIZATION_LEVEL = "-Onone";
			};
			name = Debug;
		};
		EF45345F28B7480C009358E6 /* Release */ = {
			isa = XCBuildConfiguration;
			buildSettings = {
				ALWAYS_SEARCH_USER_PATHS = NO;
				CLANG_ANALYZER_NONNULL = YES;
				CLANG_ANALYZER_NUMBER_OBJECT_CONVERSION = YES_AGGRESSIVE;
				CLANG_CXX_LANGUAGE_STANDARD = "gnu++17";
				CLANG_ENABLE_MODULES = YES;
				CLANG_ENABLE_OBJC_ARC = YES;
				CLANG_ENABLE_OBJC_WEAK = YES;
				CLANG_WARN_BLOCK_CAPTURE_AUTORELEASING = YES;
				CLANG_WARN_BOOL_CONVERSION = YES;
				CLANG_WARN_COMMA = YES;
				CLANG_WARN_CONSTANT_CONVERSION = YES;
				CLANG_WARN_DEPRECATED_OBJC_IMPLEMENTATIONS = YES;
				CLANG_WARN_DIRECT_OBJC_ISA_USAGE = YES_ERROR;
				CLANG_WARN_DOCUMENTATION_COMMENTS = YES;
				CLANG_WARN_EMPTY_BODY = YES;
				CLANG_WARN_ENUM_CONVERSION = YES;
				CLANG_WARN_INFINITE_RECURSION = YES;
				CLANG_WARN_INT_CONVERSION = YES;
				CLANG_WARN_NON_LITERAL_NULL_CONVERSION = YES;
				CLANG_WARN_OBJC_IMPLICIT_RETAIN_SELF = YES;
				CLANG_WARN_OBJC_LITERAL_CONVERSION = YES;
				CLANG_WARN_OBJC_ROOT_CLASS = YES_ERROR;
				CLANG_WARN_QUOTED_INCLUDE_IN_FRAMEWORK_HEADER = YES;
				CLANG_WARN_RANGE_LOOP_ANALYSIS = YES;
				CLANG_WARN_STRICT_PROTOTYPES = YES;
				CLANG_WARN_SUSPICIOUS_MOVE = YES;
				CLANG_WARN_UNGUARDED_AVAILABILITY = YES_AGGRESSIVE;
				CLANG_WARN_UNREACHABLE_CODE = YES;
				CLANG_WARN__DUPLICATE_METHOD_MATCH = YES;
				COPY_PHASE_STRIP = NO;
				DEBUG_INFORMATION_FORMAT = "dwarf-with-dsym";
				ENABLE_NS_ASSERTIONS = NO;
				ENABLE_STRICT_OBJC_MSGSEND = YES;
				GCC_C_LANGUAGE_STANDARD = gnu11;
				GCC_NO_COMMON_BLOCKS = YES;
				GCC_WARN_64_TO_32_BIT_CONVERSION = YES;
				GCC_WARN_ABOUT_RETURN_TYPE = YES_ERROR;
				GCC_WARN_UNDECLARED_SELECTOR = YES;
				GCC_WARN_UNINITIALIZED_AUTOS = YES_AGGRESSIVE;
				GCC_WARN_UNUSED_FUNCTION = YES;
				GCC_WARN_UNUSED_VARIABLE = YES;
				IPHONEOS_DEPLOYMENT_TARGET = 15.5;
				MTL_ENABLE_DEBUG_INFO = NO;
				MTL_FAST_MATH = YES;
				SDKROOT = iphoneos;
				SWIFT_COMPILATION_MODE = wholemodule;
				SWIFT_OPTIMIZATION_LEVEL = "-O";
				VALIDATE_PRODUCT = YES;
			};
			name = Release;
		};
		EF45346128B7480C009358E6 /* Debug */ = {
			isa = XCBuildConfiguration;
			buildSettings = {
				ASSETCATALOG_COMPILER_APPICON_NAME = AppIcon;
				ASSETCATALOG_COMPILER_GLOBAL_ACCENT_COLOR_NAME = AccentColor;
				CODE_SIGN_STYLE = Automatic;
				CURRENT_PROJECT_VERSION = 1;
				DEVELOPMENT_TEAM = VL769BSNN6;
				GENERATE_INFOPLIST_FILE = YES;
				INFOPLIST_FILE = ShelfLife/Files/Info.plist;
				INFOPLIST_KEY_UIApplicationSupportsIndirectInputEvents = YES;
				INFOPLIST_KEY_UILaunchStoryboardName = LaunchScreen;
				INFOPLIST_KEY_UISupportedInterfaceOrientations_iPad = "UIInterfaceOrientationPortrait UIInterfaceOrientationPortraitUpsideDown UIInterfaceOrientationLandscapeLeft UIInterfaceOrientationLandscapeRight";
				INFOPLIST_KEY_UISupportedInterfaceOrientations_iPhone = "UIInterfaceOrientationPortrait UIInterfaceOrientationLandscapeLeft UIInterfaceOrientationLandscapeRight";
				LD_RUNPATH_SEARCH_PATHS = (
					"$(inherited)",
					"@executable_path/Frameworks",
				);
				MARKETING_VERSION = 1.0;
				PRODUCT_BUNDLE_IDENTIFIER = com.gmail.dodogugu2632.ShelfLife;
				PRODUCT_NAME = "$(TARGET_NAME)";
				SWIFT_EMIT_LOC_STRINGS = YES;
				SWIFT_VERSION = 5.0;
				TARGETED_DEVICE_FAMILY = "1,2";
			};
			name = Debug;
		};
		EF45346228B7480C009358E6 /* Release */ = {
			isa = XCBuildConfiguration;
			buildSettings = {
				ASSETCATALOG_COMPILER_APPICON_NAME = AppIcon;
				ASSETCATALOG_COMPILER_GLOBAL_ACCENT_COLOR_NAME = AccentColor;
				CODE_SIGN_STYLE = Automatic;
				CURRENT_PROJECT_VERSION = 1;
				DEVELOPMENT_TEAM = VL769BSNN6;
				GENERATE_INFOPLIST_FILE = YES;
				INFOPLIST_FILE = ShelfLife/Files/Info.plist;
				INFOPLIST_KEY_UIApplicationSupportsIndirectInputEvents = YES;
				INFOPLIST_KEY_UILaunchStoryboardName = LaunchScreen;
				INFOPLIST_KEY_UISupportedInterfaceOrientations_iPad = "UIInterfaceOrientationPortrait UIInterfaceOrientationPortraitUpsideDown UIInterfaceOrientationLandscapeLeft UIInterfaceOrientationLandscapeRight";
				INFOPLIST_KEY_UISupportedInterfaceOrientations_iPhone = "UIInterfaceOrientationPortrait UIInterfaceOrientationLandscapeLeft UIInterfaceOrientationLandscapeRight";
				LD_RUNPATH_SEARCH_PATHS = (
					"$(inherited)",
					"@executable_path/Frameworks",
				);
				MARKETING_VERSION = 1.0;
				PRODUCT_BUNDLE_IDENTIFIER = com.gmail.dodogugu2632.ShelfLife;
				PRODUCT_NAME = "$(TARGET_NAME)";
				SWIFT_EMIT_LOC_STRINGS = YES;
				SWIFT_VERSION = 5.0;
				TARGETED_DEVICE_FAMILY = "1,2";
			};
			name = Release;
		};
/* End XCBuildConfiguration section */

/* Begin XCConfigurationList section */
		EF45344728B7480C009358E6 /* Build configuration list for PBXProject "ShelfLife" */ = {
			isa = XCConfigurationList;
			buildConfigurations = (
				EF45345E28B7480C009358E6 /* Debug */,
				EF45345F28B7480C009358E6 /* Release */,
			);
			defaultConfigurationIsVisible = 0;
			defaultConfigurationName = Release;
		};
		EF45346028B7480C009358E6 /* Build configuration list for PBXNativeTarget "ShelfLife" */ = {
			isa = XCConfigurationList;
			buildConfigurations = (
				EF45346128B7480C009358E6 /* Debug */,
				EF45346228B7480C009358E6 /* Release */,
			);
			defaultConfigurationIsVisible = 0;
			defaultConfigurationName = Release;
		};
/* End XCConfigurationList section */
	};
	rootObject = EF45344428B7480C009358E6 /* Project object */;
}
