// !$*UTF8*$!
{
	archiveVersion = 1;
	classes = {
	};
	objectVersion = 55;
	objects = {

/* Begin PBXBuildFile section */
		EF3DC9BD28C88AD300D7907B /* CategoryTableViewCell.swift in Sources */ = {isa = PBXBuildFile; fileRef = EF3DC9BC28C88AD300D7907B /* CategoryTableViewCell.swift */; };
		EF3DC9BF28C88FE900D7907B /* Category.swift in Sources */ = {isa = PBXBuildFile; fileRef = EF3DC9BE28C88FE900D7907B /* Category.swift */; };
		EF4598A328CCB40C0008F18E /* CustomButton.swift in Sources */ = {isa = PBXBuildFile; fileRef = EF4598A228CCB40C0008F18E /* CustomButton.swift */; };
		EF561C0C28C701EC006AC6E5 /* AppDelegate.swift in Sources */ = {isa = PBXBuildFile; fileRef = EF561C0B28C701EC006AC6E5 /* AppDelegate.swift */; };
		EF561C0E28C701EC006AC6E5 /* SceneDelegate.swift in Sources */ = {isa = PBXBuildFile; fileRef = EF561C0D28C701EC006AC6E5 /* SceneDelegate.swift */; };
		EF561C1028C701EC006AC6E5 /* CategoryViewController.swift in Sources */ = {isa = PBXBuildFile; fileRef = EF561C0F28C701EC006AC6E5 /* CategoryViewController.swift */; };
		EF561C1328C701EC006AC6E5 /* Main.storyboard in Resources */ = {isa = PBXBuildFile; fileRef = EF561C1128C701EC006AC6E5 /* Main.storyboard */; };
		EF561C1528C701ED006AC6E5 /* Assets.xcassets in Resources */ = {isa = PBXBuildFile; fileRef = EF561C1428C701ED006AC6E5 /* Assets.xcassets */; };
		EF561C1828C701ED006AC6E5 /* LaunchScreen.storyboard in Resources */ = {isa = PBXBuildFile; fileRef = EF561C1628C701ED006AC6E5 /* LaunchScreen.storyboard */; };
		EF561C2228C704AF006AC6E5 /* WishListViewController.swift in Sources */ = {isa = PBXBuildFile; fileRef = EF561C2128C704AF006AC6E5 /* WishListViewController.swift */; };
		EF561C2428C707BF006AC6E5 /* ProductViewController.swift in Sources */ = {isa = PBXBuildFile; fileRef = EF561C2328C707BF006AC6E5 /* ProductViewController.swift */; };
		EF561C2628C707D1006AC6E5 /* DetailViewController.swift in Sources */ = {isa = PBXBuildFile; fileRef = EF561C2528C707D1006AC6E5 /* DetailViewController.swift */; };
/* End PBXBuildFile section */

/* Begin PBXFileReference section */
		EF3DC9BC28C88AD300D7907B /* CategoryTableViewCell.swift */ = {isa = PBXFileReference; lastKnownFileType = sourcecode.swift; path = CategoryTableViewCell.swift; sourceTree = "<group>"; };
		EF3DC9BE28C88FE900D7907B /* Category.swift */ = {isa = PBXFileReference; lastKnownFileType = sourcecode.swift; path = Category.swift; sourceTree = "<group>"; };
		EF4598A228CCB40C0008F18E /* CustomButton.swift */ = {isa = PBXFileReference; lastKnownFileType = sourcecode.swift; path = CustomButton.swift; sourceTree = "<group>"; };
		EF561C0828C701EC006AC6E5 /* Domino.app */ = {isa = PBXFileReference; explicitFileType = wrapper.application; includeInIndex = 0; path = Domino.app; sourceTree = BUILT_PRODUCTS_DIR; };
		EF561C0B28C701EC006AC6E5 /* AppDelegate.swift */ = {isa = PBXFileReference; lastKnownFileType = sourcecode.swift; path = AppDelegate.swift; sourceTree = "<group>"; };
		EF561C0D28C701EC006AC6E5 /* SceneDelegate.swift */ = {isa = PBXFileReference; lastKnownFileType = sourcecode.swift; path = SceneDelegate.swift; sourceTree = "<group>"; };
		EF561C0F28C701EC006AC6E5 /* CategoryViewController.swift */ = {isa = PBXFileReference; lastKnownFileType = sourcecode.swift; path = CategoryViewController.swift; sourceTree = "<group>"; };
		EF561C1228C701EC006AC6E5 /* Base */ = {isa = PBXFileReference; lastKnownFileType = file.storyboard; name = Base; path = Base.lproj/Main.storyboard; sourceTree = "<group>"; };
		EF561C1428C701ED006AC6E5 /* Assets.xcassets */ = {isa = PBXFileReference; lastKnownFileType = folder.assetcatalog; path = Assets.xcassets; sourceTree = "<group>"; };
		EF561C1728C701ED006AC6E5 /* Base */ = {isa = PBXFileReference; lastKnownFileType = file.storyboard; name = Base; path = Base.lproj/LaunchScreen.storyboard; sourceTree = "<group>"; };
		EF561C1928C701ED006AC6E5 /* Info.plist */ = {isa = PBXFileReference; lastKnownFileType = text.plist.xml; path = Info.plist; sourceTree = "<group>"; };
		EF561C2128C704AF006AC6E5 /* WishListViewController.swift */ = {isa = PBXFileReference; lastKnownFileType = sourcecode.swift; path = WishListViewController.swift; sourceTree = "<group>"; };
		EF561C2328C707BF006AC6E5 /* ProductViewController.swift */ = {isa = PBXFileReference; lastKnownFileType = sourcecode.swift; path = ProductViewController.swift; sourceTree = "<group>"; };
		EF561C2528C707D1006AC6E5 /* DetailViewController.swift */ = {isa = PBXFileReference; lastKnownFileType = sourcecode.swift; path = DetailViewController.swift; sourceTree = "<group>"; };
/* End PBXFileReference section */

/* Begin PBXFrameworksBuildPhase section */
		EF561C0528C701EC006AC6E5 /* Frameworks */ = {
			isa = PBXFrameworksBuildPhase;
			buildActionMask = 2147483647;
			files = (
			);
			runOnlyForDeploymentPostprocessing = 0;
		};
/* End PBXFrameworksBuildPhase section */

/* Begin PBXGroup section */
		EF3DC9BA28C88A6A00D7907B /* Models */ = {
			isa = PBXGroup;
			children = (
				EF3DC9BE28C88FE900D7907B /* Category.swift */,
				EF4598A228CCB40C0008F18E /* CustomButton.swift */,
			);
			path = Models;
			sourceTree = "<group>";
		};
		EF3DC9BB28C88AB400D7907B /* Views */ = {
			isa = PBXGroup;
			children = (
				EF3DC9BC28C88AD300D7907B /* CategoryTableViewCell.swift */,
			);
			path = Views;
			sourceTree = "<group>";
		};
		EF561BFF28C701EC006AC6E5 = {
			isa = PBXGroup;
			children = (
				EF561C0A28C701EC006AC6E5 /* Domino */,
				EF561C0928C701EC006AC6E5 /* Products */,
			);
			sourceTree = "<group>";
		};
		EF561C0928C701EC006AC6E5 /* Products */ = {
			isa = PBXGroup;
			children = (
				EF561C0828C701EC006AC6E5 /* Domino.app */,
			);
			name = Products;
			sourceTree = "<group>";
		};
		EF561C0A28C701EC006AC6E5 /* Domino */ = {
			isa = PBXGroup;
			children = (
				EF3DC9BA28C88A6A00D7907B /* Models */,
				EF3DC9BB28C88AB400D7907B /* Views */,
				EF561C1F28C70431006AC6E5 /* Controllers */,
				EF561C2028C70440006AC6E5 /* Files */,
				EF561C0B28C701EC006AC6E5 /* AppDelegate.swift */,
				EF561C0D28C701EC006AC6E5 /* SceneDelegate.swift */,
			);
			path = Domino;
			sourceTree = "<group>";
		};
		EF561C1F28C70431006AC6E5 /* Controllers */ = {
			isa = PBXGroup;
			children = (
				EF561C0F28C701EC006AC6E5 /* CategoryViewController.swift */,
				EF561C2328C707BF006AC6E5 /* ProductViewController.swift */,
				EF561C2528C707D1006AC6E5 /* DetailViewController.swift */,
				EF561C2128C704AF006AC6E5 /* WishListViewController.swift */,
			);
			path = Controllers;
			sourceTree = "<group>";
		};
		EF561C2028C70440006AC6E5 /* Files */ = {
			isa = PBXGroup;
			children = (
				EF561C1128C701EC006AC6E5 /* Main.storyboard */,
				EF561C1428C701ED006AC6E5 /* Assets.xcassets */,
				EF561C1628C701ED006AC6E5 /* LaunchScreen.storyboard */,
				EF561C1928C701ED006AC6E5 /* Info.plist */,
			);
			path = Files;
			sourceTree = "<group>";
		};
/* End PBXGroup section */

/* Begin PBXNativeTarget section */
		EF561C0728C701EC006AC6E5 /* Domino */ = {
			isa = PBXNativeTarget;
			buildConfigurationList = EF561C1C28C701ED006AC6E5 /* Build configuration list for PBXNativeTarget "Domino" */;
			buildPhases = (
				EF561C0428C701EC006AC6E5 /* Sources */,
				EF561C0528C701EC006AC6E5 /* Frameworks */,
				EF561C0628C701EC006AC6E5 /* Resources */,
			);
			buildRules = (
			);
			dependencies = (
			);
			name = Domino;
			productName = Domino;
			productReference = EF561C0828C701EC006AC6E5 /* Domino.app */;
			productType = "com.apple.product-type.application";
		};
/* End PBXNativeTarget section */

/* Begin PBXProject section */
		EF561C0028C701EC006AC6E5 /* Project object */ = {
			isa = PBXProject;
			attributes = {
				BuildIndependentTargetsInParallel = 1;
				LastSwiftUpdateCheck = 1340;
				LastUpgradeCheck = 1340;
				TargetAttributes = {
					EF561C0728C701EC006AC6E5 = {
						CreatedOnToolsVersion = 13.4.1;
					};
				};
			};
			buildConfigurationList = EF561C0328C701EC006AC6E5 /* Build configuration list for PBXProject "Domino" */;
			compatibilityVersion = "Xcode 13.0";
			developmentRegion = en;
			hasScannedForEncodings = 0;
			knownRegions = (
				en,
				Base,
			);
			mainGroup = EF561BFF28C701EC006AC6E5;
			productRefGroup = EF561C0928C701EC006AC6E5 /* Products */;
			projectDirPath = "";
			projectRoot = "";
			targets = (
				EF561C0728C701EC006AC6E5 /* Domino */,
			);
		};
/* End PBXProject section */

/* Begin PBXResourcesBuildPhase section */
		EF561C0628C701EC006AC6E5 /* Resources */ = {
			isa = PBXResourcesBuildPhase;
			buildActionMask = 2147483647;
			files = (
				EF561C1828C701ED006AC6E5 /* LaunchScreen.storyboard in Resources */,
				EF561C1528C701ED006AC6E5 /* Assets.xcassets in Resources */,
				EF561C1328C701EC006AC6E5 /* Main.storyboard in Resources */,
			);
			runOnlyForDeploymentPostprocessing = 0;
		};
/* End PBXResourcesBuildPhase section */

/* Begin PBXSourcesBuildPhase section */
		EF561C0428C701EC006AC6E5 /* Sources */ = {
			isa = PBXSourcesBuildPhase;
			buildActionMask = 2147483647;
			files = (
				EF561C1028C701EC006AC6E5 /* CategoryViewController.swift in Sources */,
				EF561C2228C704AF006AC6E5 /* WishListViewController.swift in Sources */,
				EF4598A328CCB40C0008F18E /* CustomButton.swift in Sources */,
				EF561C0C28C701EC006AC6E5 /* AppDelegate.swift in Sources */,
				EF3DC9BD28C88AD300D7907B /* CategoryTableViewCell.swift in Sources */,
				EF561C2628C707D1006AC6E5 /* DetailViewController.swift in Sources */,
				EF561C2428C707BF006AC6E5 /* ProductViewController.swift in Sources */,
				EF561C0E28C701EC006AC6E5 /* SceneDelegate.swift in Sources */,
				EF3DC9BF28C88FE900D7907B /* Category.swift in Sources */,
			);
			runOnlyForDeploymentPostprocessing = 0;
		};
/* End PBXSourcesBuildPhase section */

/* Begin PBXVariantGroup section */
		EF561C1128C701EC006AC6E5 /* Main.storyboard */ = {
			isa = PBXVariantGroup;
			children = (
				EF561C1228C701EC006AC6E5 /* Base */,
			);
			name = Main.storyboard;
			sourceTree = "<group>";
		};
		EF561C1628C701ED006AC6E5 /* LaunchScreen.storyboard */ = {
			isa = PBXVariantGroup;
			children = (
				EF561C1728C701ED006AC6E5 /* Base */,
			);
			name = LaunchScreen.storyboard;
			sourceTree = "<group>";
		};
/* End PBXVariantGroup section */

/* Begin XCBuildConfiguration section */
		EF561C1A28C701ED006AC6E5 /* Debug */ = {
			isa = XCBuildConfiguration;
			buildSettings = {
				ALWAYS_SEARCH_USER_PATHS = NO;
				CLANG_ANALYZER_NONNULL = YES;
				CLANG_ANALYZER_NUMBER_OBJECT_CONVERSION = YES_AGGRESSIVE;
				CLANG_CXX_LANGUAGE_STANDARD = "gnu++17";
				CLANG_ENABLE_MODULES = YES;
				CLANG_ENABLE_OBJC_ARC = YES;
				CLANG_ENABLE_OBJC_WEAK = YES;
				CLANG_WARN_BLOCK_CAPTURE_AUTORELEASING = YES;
				CLANG_WARN_BOOL_CONVERSION = YES;
				CLANG_WARN_COMMA = YES;
				CLANG_WARN_CONSTANT_CONVERSION = YES;
				CLANG_WARN_DEPRECATED_OBJC_IMPLEMENTATIONS = YES;
				CLANG_WARN_DIRECT_OBJC_ISA_USAGE = YES_ERROR;
				CLANG_WARN_DOCUMENTATION_COMMENTS = YES;
				CLANG_WARN_EMPTY_BODY = YES;
				CLANG_WARN_ENUM_CONVERSION = YES;
				CLANG_WARN_INFINITE_RECURSION = YES;
				CLANG_WARN_INT_CONVERSION = YES;
				CLANG_WARN_NON_LITERAL_NULL_CONVERSION = YES;
				CLANG_WARN_OBJC_IMPLICIT_RETAIN_SELF = YES;
				CLANG_WARN_OBJC_LITERAL_CONVERSION = YES;
				CLANG_WARN_OBJC_ROOT_CLASS = YES_ERROR;
				CLANG_WARN_QUOTED_INCLUDE_IN_FRAMEWORK_HEADER = YES;
				CLANG_WARN_RANGE_LOOP_ANALYSIS = YES;
				CLANG_WARN_STRICT_PROTOTYPES = YES;
				CLANG_WARN_SUSPICIOUS_MOVE = YES;
				CLANG_WARN_UNGUARDED_AVAILABILITY = YES_AGGRESSIVE;
				CLANG_WARN_UNREACHABLE_CODE = YES;
				CLANG_WARN__DUPLICATE_METHOD_MATCH = YES;
				COPY_PHASE_STRIP = NO;
				DEBUG_INFORMATION_FORMAT = dwarf;
				ENABLE_STRICT_OBJC_MSGSEND = YES;
				ENABLE_TESTABILITY = YES;
				GCC_C_LANGUAGE_STANDARD = gnu11;
				GCC_DYNAMIC_NO_PIC = NO;
				GCC_NO_COMMON_BLOCKS = YES;
				GCC_OPTIMIZATION_LEVEL = 0;
				GCC_PREPROCESSOR_DEFINITIONS = (
					"DEBUG=1",
					"$(inherited)",
				);
				GCC_WARN_64_TO_32_BIT_CONVERSION = YES;
				GCC_WARN_ABOUT_RETURN_TYPE = YES_ERROR;
				GCC_WARN_UNDECLARED_SELECTOR = YES;
				GCC_WARN_UNINITIALIZED_AUTOS = YES_AGGRESSIVE;
				GCC_WARN_UNUSED_FUNCTION = YES;
				GCC_WARN_UNUSED_VARIABLE = YES;
				IPHONEOS_DEPLOYMENT_TARGET = 15.5;
				MTL_ENABLE_DEBUG_INFO = INCLUDE_SOURCE;
				MTL_FAST_MATH = YES;
				ONLY_ACTIVE_ARCH = YES;
				SDKROOT = iphoneos;
				SWIFT_ACTIVE_COMPILATION_CONDITIONS = DEBUG;
				SWIFT_OPTIMIZATION_LEVEL = "-Onone";
			};
			name = Debug;
		};
		EF561C1B28C701ED006AC6E5 /* Release */ = {
			isa = XCBuildConfiguration;
			buildSettings = {
				ALWAYS_SEARCH_USER_PATHS = NO;
				CLANG_ANALYZER_NONNULL = YES;
				CLANG_ANALYZER_NUMBER_OBJECT_CONVERSION = YES_AGGRESSIVE;
				CLANG_CXX_LANGUAGE_STANDARD = "gnu++17";
				CLANG_ENABLE_MODULES = YES;
				CLANG_ENABLE_OBJC_ARC = YES;
				CLANG_ENABLE_OBJC_WEAK = YES;
				CLANG_WARN_BLOCK_CAPTURE_AUTORELEASING = YES;
				CLANG_WARN_BOOL_CONVERSION = YES;
				CLANG_WARN_COMMA = YES;
				CLANG_WARN_CONSTANT_CONVERSION = YES;
				CLANG_WARN_DEPRECATED_OBJC_IMPLEMENTATIONS = YES;
				CLANG_WARN_DIRECT_OBJC_ISA_USAGE = YES_ERROR;
				CLANG_WARN_DOCUMENTATION_COMMENTS = YES;
				CLANG_WARN_EMPTY_BODY = YES;
				CLANG_WARN_ENUM_CONVERSION = YES;
				CLANG_WARN_INFINITE_RECURSION = YES;
				CLANG_WARN_INT_CONVERSION = YES;
				CLANG_WARN_NON_LITERAL_NULL_CONVERSION = YES;
				CLANG_WARN_OBJC_IMPLICIT_RETAIN_SELF = YES;
				CLANG_WARN_OBJC_LITERAL_CONVERSION = YES;
				CLANG_WARN_OBJC_ROOT_CLASS = YES_ERROR;
				CLANG_WARN_QUOTED_INCLUDE_IN_FRAMEWORK_HEADER = YES;
				CLANG_WARN_RANGE_LOOP_ANALYSIS = YES;
				CLANG_WARN_STRICT_PROTOTYPES = YES;
				CLANG_WARN_SUSPICIOUS_MOVE = YES;
				CLANG_WARN_UNGUARDED_AVAILABILITY = YES_AGGRESSIVE;
				CLANG_WARN_UNREACHABLE_CODE = YES;
				CLANG_WARN__DUPLICATE_METHOD_MATCH = YES;
				COPY_PHASE_STRIP = NO;
				DEBUG_INFORMATION_FORMAT = "dwarf-with-dsym";
				ENABLE_NS_ASSERTIONS = NO;
				ENABLE_STRICT_OBJC_MSGSEND = YES;
				GCC_C_LANGUAGE_STANDARD = gnu11;
				GCC_NO_COMMON_BLOCKS = YES;
				GCC_WARN_64_TO_32_BIT_CONVERSION = YES;
				GCC_WARN_ABOUT_RETURN_TYPE = YES_ERROR;
				GCC_WARN_UNDECLARED_SELECTOR = YES;
				GCC_WARN_UNINITIALIZED_AUTOS = YES_AGGRESSIVE;
				GCC_WARN_UNUSED_FUNCTION = YES;
				GCC_WARN_UNUSED_VARIABLE = YES;
				IPHONEOS_DEPLOYMENT_TARGET = 15.5;
				MTL_ENABLE_DEBUG_INFO = NO;
				MTL_FAST_MATH = YES;
				SDKROOT = iphoneos;
				SWIFT_COMPILATION_MODE = wholemodule;
				SWIFT_OPTIMIZATION_LEVEL = "-O";
				VALIDATE_PRODUCT = YES;
			};
			name = Release;
		};
		EF561C1D28C701ED006AC6E5 /* Debug */ = {
			isa = XCBuildConfiguration;
			buildSettings = {
				ASSETCATALOG_COMPILER_APPICON_NAME = AppIcon;
				ASSETCATALOG_COMPILER_GLOBAL_ACCENT_COLOR_NAME = AccentColor;
				CODE_SIGN_STYLE = Automatic;
				CURRENT_PROJECT_VERSION = 1;
				DEVELOPMENT_TEAM = VL769BSNN6;
				GENERATE_INFOPLIST_FILE = YES;
				INFOPLIST_FILE = Domino/Files/Info.plist;
				INFOPLIST_KEY_UIApplicationSupportsIndirectInputEvents = YES;
				INFOPLIST_KEY_UILaunchStoryboardName = LaunchScreen;
				INFOPLIST_KEY_UIMainStoryboardFile = Main;
				INFOPLIST_KEY_UISupportedInterfaceOrientations_iPad = "UIInterfaceOrientationPortrait UIInterfaceOrientationPortraitUpsideDown UIInterfaceOrientationLandscapeLeft UIInterfaceOrientationLandscapeRight";
				INFOPLIST_KEY_UISupportedInterfaceOrientations_iPhone = "UIInterfaceOrientationPortrait UIInterfaceOrientationLandscapeLeft UIInterfaceOrientationLandscapeRight";
				LD_RUNPATH_SEARCH_PATHS = (
					"$(inherited)",
					"@executable_path/Frameworks",
				);
				MARKETING_VERSION = 1.0;
				PRODUCT_BUNDLE_IDENTIFIER = com.gmail.dodogugu2632.Domino;
				PRODUCT_NAME = "$(TARGET_NAME)";
				SWIFT_EMIT_LOC_STRINGS = YES;
				SWIFT_VERSION = 5.0;
				TARGETED_DEVICE_FAMILY = "1,2";
			};
			name = Debug;
		};
		EF561C1E28C701ED006AC6E5 /* Release */ = {
			isa = XCBuildConfiguration;
			buildSettings = {
				ASSETCATALOG_COMPILER_APPICON_NAME = AppIcon;
				ASSETCATALOG_COMPILER_GLOBAL_ACCENT_COLOR_NAME = AccentColor;
				CODE_SIGN_STYLE = Automatic;
				CURRENT_PROJECT_VERSION = 1;
				DEVELOPMENT_TEAM = VL769BSNN6;
				GENERATE_INFOPLIST_FILE = YES;
				INFOPLIST_FILE = Domino/Files/Info.plist;
				INFOPLIST_KEY_UIApplicationSupportsIndirectInputEvents = YES;
				INFOPLIST_KEY_UILaunchStoryboardName = LaunchScreen;
				INFOPLIST_KEY_UIMainStoryboardFile = Main;
				INFOPLIST_KEY_UISupportedInterfaceOrientations_iPad = "UIInterfaceOrientationPortrait UIInterfaceOrientationPortraitUpsideDown UIInterfaceOrientationLandscapeLeft UIInterfaceOrientationLandscapeRight";
				INFOPLIST_KEY_UISupportedInterfaceOrientations_iPhone = "UIInterfaceOrientationPortrait UIInterfaceOrientationLandscapeLeft UIInterfaceOrientationLandscapeRight";
				LD_RUNPATH_SEARCH_PATHS = (
					"$(inherited)",
					"@executable_path/Frameworks",
				);
				MARKETING_VERSION = 1.0;
				PRODUCT_BUNDLE_IDENTIFIER = com.gmail.dodogugu2632.Domino;
				PRODUCT_NAME = "$(TARGET_NAME)";
				SWIFT_EMIT_LOC_STRINGS = YES;
				SWIFT_VERSION = 5.0;
				TARGETED_DEVICE_FAMILY = "1,2";
			};
			name = Release;
		};
/* End XCBuildConfiguration section */

/* Begin XCConfigurationList section */
		EF561C0328C701EC006AC6E5 /* Build configuration list for PBXProject "Domino" */ = {
			isa = XCConfigurationList;
			buildConfigurations = (
				EF561C1A28C701ED006AC6E5 /* Debug */,
				EF561C1B28C701ED006AC6E5 /* Release */,
			);
			defaultConfigurationIsVisible = 0;
			defaultConfigurationName = Release;
		};
		EF561C1C28C701ED006AC6E5 /* Build configuration list for PBXNativeTarget "Domino" */ = {
			isa = XCConfigurationList;
			buildConfigurations = (
				EF561C1D28C701ED006AC6E5 /* Debug */,
				EF561C1E28C701ED006AC6E5 /* Release */,
			);
			defaultConfigurationIsVisible = 0;
			defaultConfigurationName = Release;
		};
/* End XCConfigurationList section */
	};
	rootObject = EF561C0028C701EC006AC6E5 /* Project object */;
}
