// !$*UTF8*$!
{
	archiveVersion = 1;
	classes = {
	};
	objectVersion = 54;
	objects = {

/* Begin PBXBuildFile section */
		EF119451299CB19E0072854E /* TileView.swift in Sources */ = {isa = PBXBuildFile; fileRef = EF119450299CB19E0072854E /* TileView.swift */; };
		EF3BADF12997CE2200C84E31 /* CustomTableViewCell.swift in Sources */ = {isa = PBXBuildFile; fileRef = EF3BADF02997CE2200C84E31 /* CustomTableViewCell.swift */; };
		EF3BADF32997E64700C84E31 /* HeaderView.swift in Sources */ = {isa = PBXBuildFile; fileRef = EF3BADF22997E64700C84E31 /* HeaderView.swift */; };
		EF3BADF52998BFDF00C84E31 /* ShareView.swift in Sources */ = {isa = PBXBuildFile; fileRef = EF3BADF42998BFDF00C84E31 /* ShareView.swift */; };
		EF7E97FB299F361C003B39D6 /* PlaceInfo.xcdatamodeld in Sources */ = {isa = PBXBuildFile; fileRef = EF7E97F9299F361C003B39D6 /* PlaceInfo.xcdatamodeld */; };
		EF7E97FD299F4954003B39D6 /* Place.swift in Sources */ = {isa = PBXBuildFile; fileRef = EF7E97FC299F4954003B39D6 /* Place.swift */; };
		EF7E97FF299F4C7B003B39D6 /* CoreDataManager.swift in Sources */ = {isa = PBXBuildFile; fileRef = EF7E97FE299F4C7B003B39D6 /* CoreDataManager.swift */; };
		EFA17590297CC75D00D95408 /* AppDelegate.swift in Sources */ = {isa = PBXBuildFile; fileRef = EFA1758F297CC75D00D95408 /* AppDelegate.swift */; };
		EFA17592297CC75D00D95408 /* SceneDelegate.swift in Sources */ = {isa = PBXBuildFile; fileRef = EFA17591297CC75D00D95408 /* SceneDelegate.swift */; };
		EFA17594297CC75D00D95408 /* MapViewController.swift in Sources */ = {isa = PBXBuildFile; fileRef = EFA17593297CC75D00D95408 /* MapViewController.swift */; };
		EFA17597297CC75D00D95408 /* Main.storyboard in Resources */ = {isa = PBXBuildFile; fileRef = EFA17595297CC75D00D95408 /* Main.storyboard */; };
		EFA17599297CC75E00D95408 /* Assets.xcassets in Resources */ = {isa = PBXBuildFile; fileRef = EFA17598297CC75E00D95408 /* Assets.xcassets */; };
		EFA1759C297CC75E00D95408 /* LaunchScreen.storyboard in Resources */ = {isa = PBXBuildFile; fileRef = EFA1759A297CC75E00D95408 /* LaunchScreen.storyboard */; };
		EFA175A4297D090000D95408 /* HomeViewController.swift in Sources */ = {isa = PBXBuildFile; fileRef = EFA175A3297D090000D95408 /* HomeViewController.swift */; };
		EFA175A6297D091C00D95408 /* MarkListViewController.swift in Sources */ = {isa = PBXBuildFile; fileRef = EFA175A5297D091C00D95408 /* MarkListViewController.swift */; };
		EFA175A8297D092400D95408 /* PageViewController.swift in Sources */ = {isa = PBXBuildFile; fileRef = EFA175A7297D092400D95408 /* PageViewController.swift */; };
		EFA7157929A0BF2D00AC03B1 /* PlaceViewModel.swift in Sources */ = {isa = PBXBuildFile; fileRef = EFA7157829A0BF2D00AC03B1 /* PlaceViewModel.swift */; };
		EFA7157D29A0C62200AC03B1 /* DataTransformer.swift in Sources */ = {isa = PBXBuildFile; fileRef = EFA7157C29A0C62200AC03B1 /* DataTransformer.swift */; };
		EFBE059A298A5BEA0081B41A /* MemoViewController.swift in Sources */ = {isa = PBXBuildFile; fileRef = EFBE0599298A5BEA0081B41A /* MemoViewController.swift */; };
/* End PBXBuildFile section */

/* Begin PBXFileReference section */
		EF119450299CB19E0072854E /* TileView.swift */ = {isa = PBXFileReference; lastKnownFileType = sourcecode.swift; path = TileView.swift; sourceTree = "<group>"; };
		EF3BADF02997CE2200C84E31 /* CustomTableViewCell.swift */ = {isa = PBXFileReference; lastKnownFileType = sourcecode.swift; path = CustomTableViewCell.swift; sourceTree = "<group>"; };
		EF3BADF22997E64700C84E31 /* HeaderView.swift */ = {isa = PBXFileReference; lastKnownFileType = sourcecode.swift; path = HeaderView.swift; sourceTree = "<group>"; };
		EF3BADF42998BFDF00C84E31 /* ShareView.swift */ = {isa = PBXFileReference; lastKnownFileType = sourcecode.swift; path = ShareView.swift; sourceTree = "<group>"; };
		EF7E97FA299F361C003B39D6 /* PlaceInfo.xcdatamodel */ = {isa = PBXFileReference; lastKnownFileType = wrapper.xcdatamodel; path = PlaceInfo.xcdatamodel; sourceTree = "<group>"; };
		EF7E97FC299F4954003B39D6 /* Place.swift */ = {isa = PBXFileReference; lastKnownFileType = sourcecode.swift; path = Place.swift; sourceTree = "<group>"; };
		EF7E97FE299F4C7B003B39D6 /* CoreDataManager.swift */ = {isa = PBXFileReference; lastKnownFileType = sourcecode.swift; path = CoreDataManager.swift; sourceTree = "<group>"; };
		EFA1758C297CC75D00D95408 /* trip.app */ = {isa = PBXFileReference; explicitFileType = wrapper.application; includeInIndex = 0; path = trip.app; sourceTree = BUILT_PRODUCTS_DIR; };
		EFA1758F297CC75D00D95408 /* AppDelegate.swift */ = {isa = PBXFileReference; lastKnownFileType = sourcecode.swift; path = AppDelegate.swift; sourceTree = "<group>"; };
		EFA17591297CC75D00D95408 /* SceneDelegate.swift */ = {isa = PBXFileReference; lastKnownFileType = sourcecode.swift; path = SceneDelegate.swift; sourceTree = "<group>"; };
		EFA17593297CC75D00D95408 /* MapViewController.swift */ = {isa = PBXFileReference; lastKnownFileType = sourcecode.swift; path = MapViewController.swift; sourceTree = "<group>"; };
		EFA17596297CC75D00D95408 /* Base */ = {isa = PBXFileReference; lastKnownFileType = file.storyboard; name = Base; path = Base.lproj/Main.storyboard; sourceTree = "<group>"; };
		EFA17598297CC75E00D95408 /* Assets.xcassets */ = {isa = PBXFileReference; lastKnownFileType = folder.assetcatalog; path = Assets.xcassets; sourceTree = "<group>"; };
		EFA1759B297CC75E00D95408 /* Base */ = {isa = PBXFileReference; lastKnownFileType = file.storyboard; name = Base; path = Base.lproj/LaunchScreen.storyboard; sourceTree = "<group>"; };
		EFA1759D297CC75E00D95408 /* Info.plist */ = {isa = PBXFileReference; lastKnownFileType = text.plist.xml; path = Info.plist; sourceTree = "<group>"; };
		EFA175A3297D090000D95408 /* HomeViewController.swift */ = {isa = PBXFileReference; lastKnownFileType = sourcecode.swift; path = HomeViewController.swift; sourceTree = "<group>"; };
		EFA175A5297D091C00D95408 /* MarkListViewController.swift */ = {isa = PBXFileReference; lastKnownFileType = sourcecode.swift; path = MarkListViewController.swift; sourceTree = "<group>"; };
		EFA175A7297D092400D95408 /* PageViewController.swift */ = {isa = PBXFileReference; lastKnownFileType = sourcecode.swift; path = PageViewController.swift; sourceTree = "<group>"; };
		EFA7157829A0BF2D00AC03B1 /* PlaceViewModel.swift */ = {isa = PBXFileReference; lastKnownFileType = sourcecode.swift; path = PlaceViewModel.swift; sourceTree = "<group>"; };
		EFA7157C29A0C62200AC03B1 /* DataTransformer.swift */ = {isa = PBXFileReference; lastKnownFileType = sourcecode.swift; path = DataTransformer.swift; sourceTree = "<group>"; };
		EFBE0599298A5BEA0081B41A /* MemoViewController.swift */ = {isa = PBXFileReference; lastKnownFileType = sourcecode.swift; path = MemoViewController.swift; sourceTree = "<group>"; };
/* End PBXFileReference section */

/* Begin PBXFrameworksBuildPhase section */
		EFA17589297CC75D00D95408 /* Frameworks */ = {
			isa = PBXFrameworksBuildPhase;
			buildActionMask = 2147483647;
			files = (
			);
			runOnlyForDeploymentPostprocessing = 0;
		};
/* End PBXFrameworksBuildPhase section */

/* Begin PBXGroup section */
		EF01479529954195002A2739 /* Map */ = {
			isa = PBXGroup;
			children = (
				EFA17593297CC75D00D95408 /* MapViewController.swift */,
				EFBE0599298A5BEA0081B41A /* MemoViewController.swift */,
			);
			path = Map;
			sourceTree = "<group>";
		};
		EF014796299541A7002A2739 /* Home */ = {
			isa = PBXGroup;
			children = (
				EFA175A3297D090000D95408 /* HomeViewController.swift */,
			);
			path = Home;
			sourceTree = "<group>";
		};
		EF014797299541AF002A2739 /* MarkList */ = {
			isa = PBXGroup;
			children = (
				EFA175A5297D091C00D95408 /* MarkListViewController.swift */,
			);
			path = MarkList;
			sourceTree = "<group>";
		};
		EF014798299541BA002A2739 /* MyPage */ = {
			isa = PBXGroup;
			children = (
				EFA175A7297D092400D95408 /* PageViewController.swift */,
				EF3BADF02997CE2200C84E31 /* CustomTableViewCell.swift */,
				EF3BADF22997E64700C84E31 /* HeaderView.swift */,
				EF3BADF42998BFDF00C84E31 /* ShareView.swift */,
				EF119450299CB19E0072854E /* TileView.swift */,
			);
			path = MyPage;
			sourceTree = "<group>";
		};
		EFA17583297CC75D00D95408 = {
			isa = PBXGroup;
			children = (
				EFA1758E297CC75D00D95408 /* trip */,
				EFA1758D297CC75D00D95408 /* Products */,
			);
			sourceTree = "<group>";
		};
		EFA1758D297CC75D00D95408 /* Products */ = {
			isa = PBXGroup;
			children = (
				EFA1758C297CC75D00D95408 /* trip.app */,
			);
			name = Products;
			sourceTree = "<group>";
		};
		EFA1758E297CC75D00D95408 /* trip */ = {
			isa = PBXGroup;
			children = (
				EFA1759D297CC75E00D95408 /* Info.plist */,
				EFA175A9297D096A00D95408 /* Applications */,
				EFA7157B29A0C5DF00AC03B1 /* CoreData */,
				EFA7157A29A0C5B800AC03B1 /* Support */,
			);
			path = trip;
			sourceTree = "<group>";
		};
		EFA175A9297D096A00D95408 /* Applications */ = {
			isa = PBXGroup;
			children = (
				EF014796299541A7002A2739 /* Home */,
				EF01479529954195002A2739 /* Map */,
				EF014797299541AF002A2739 /* MarkList */,
				EF014798299541BA002A2739 /* MyPage */,
			);
			path = Applications;
			sourceTree = "<group>";
		};
		EFA7157A29A0C5B800AC03B1 /* Support */ = {
			isa = PBXGroup;
			children = (
				EFA1758F297CC75D00D95408 /* AppDelegate.swift */,
				EFA17591297CC75D00D95408 /* SceneDelegate.swift */,
				EFA17595297CC75D00D95408 /* Main.storyboard */,
				EFA17598297CC75E00D95408 /* Assets.xcassets */,
				EFA1759A297CC75E00D95408 /* LaunchScreen.storyboard */,
			);
			path = Support;
			sourceTree = "<group>";
		};
		EFA7157B29A0C5DF00AC03B1 /* CoreData */ = {
			isa = PBXGroup;
			children = (
				EF7E97F9299F361C003B39D6 /* PlaceInfo.xcdatamodeld */,
				EF7E97FC299F4954003B39D6 /* Place.swift */,
				EFA7157829A0BF2D00AC03B1 /* PlaceViewModel.swift */,
				EF7E97FE299F4C7B003B39D6 /* CoreDataManager.swift */,
				EFA7157C29A0C62200AC03B1 /* DataTransformer.swift */,
			);
			path = CoreData;
			sourceTree = "<group>";
		};
/* End PBXGroup section */

/* Begin PBXNativeTarget section */
		EFA1758B297CC75D00D95408 /* trip */ = {
			isa = PBXNativeTarget;
			buildConfigurationList = EFA175A0297CC75E00D95408 /* Build configuration list for PBXNativeTarget "trip" */;
			buildPhases = (
				EFA17588297CC75D00D95408 /* Sources */,
				EFA17589297CC75D00D95408 /* Frameworks */,
				EFA1758A297CC75D00D95408 /* Resources */,
			);
			buildRules = (
			);
			dependencies = (
			);
			name = trip;
			productName = trip;
			productReference = EFA1758C297CC75D00D95408 /* trip.app */;
			productType = "com.apple.product-type.application";
		};
/* End PBXNativeTarget section */

/* Begin PBXProject section */
		EFA17584297CC75D00D95408 /* Project object */ = {
			isa = PBXProject;
			attributes = {
				BuildIndependentTargetsInParallel = 1;
				LastSwiftUpdateCheck = 1400;
				LastUpgradeCheck = 1400;
				TargetAttributes = {
					EFA1758B297CC75D00D95408 = {
						CreatedOnToolsVersion = 14.0.1;
					};
				};
			};
			buildConfigurationList = EFA17587297CC75D00D95408 /* Build configuration list for PBXProject "trip" */;
			compatibilityVersion = "Xcode 12.0";
			developmentRegion = en;
			hasScannedForEncodings = 0;
			knownRegions = (
				en,
				Base,
			);
			mainGroup = EFA17583297CC75D00D95408;
			productRefGroup = EFA1758D297CC75D00D95408 /* Products */;
			projectDirPath = "";
			projectRoot = "";
			targets = (
				EFA1758B297CC75D00D95408 /* trip */,
			);
		};
/* End PBXProject section */

/* Begin PBXResourcesBuildPhase section */
		EFA1758A297CC75D00D95408 /* Resources */ = {
			isa = PBXResourcesBuildPhase;
			buildActionMask = 2147483647;
			files = (
				EFA1759C297CC75E00D95408 /* LaunchScreen.storyboard in Resources */,
				EFA17599297CC75E00D95408 /* Assets.xcassets in Resources */,
				EFA17597297CC75D00D95408 /* Main.storyboard in Resources */,
			);
			runOnlyForDeploymentPostprocessing = 0;
		};
/* End PBXResourcesBuildPhase section */

/* Begin PBXSourcesBuildPhase section */
		EFA17588297CC75D00D95408 /* Sources */ = {
			isa = PBXSourcesBuildPhase;
			buildActionMask = 2147483647;
			files = (
				EFA7157D29A0C62200AC03B1 /* DataTransformer.swift in Sources */,
				EFA7157929A0BF2D00AC03B1 /* PlaceViewModel.swift in Sources */,
				EF3BADF12997CE2200C84E31 /* CustomTableViewCell.swift in Sources */,
				EFA17594297CC75D00D95408 /* MapViewController.swift in Sources */,
				EF3BADF52998BFDF00C84E31 /* ShareView.swift in Sources */,
				EF7E97FF299F4C7B003B39D6 /* CoreDataManager.swift in Sources */,
				EFA175A6297D091C00D95408 /* MarkListViewController.swift in Sources */,
				EFA17590297CC75D00D95408 /* AppDelegate.swift in Sources */,
				EF3BADF32997E64700C84E31 /* HeaderView.swift in Sources */,
				EF7E97FD299F4954003B39D6 /* Place.swift in Sources */,
				EF7E97FB299F361C003B39D6 /* PlaceInfo.xcdatamodeld in Sources */,
				EFA175A8297D092400D95408 /* PageViewController.swift in Sources */,
				EFBE059A298A5BEA0081B41A /* MemoViewController.swift in Sources */,
				EFA17592297CC75D00D95408 /* SceneDelegate.swift in Sources */,
				EF119451299CB19E0072854E /* TileView.swift in Sources */,
				EFA175A4297D090000D95408 /* HomeViewController.swift in Sources */,
			);
			runOnlyForDeploymentPostprocessing = 0;
		};
/* End PBXSourcesBuildPhase section */

/* Begin PBXVariantGroup section */
		EFA17595297CC75D00D95408 /* Main.storyboard */ = {
			isa = PBXVariantGroup;
			children = (
				EFA17596297CC75D00D95408 /* Base */,
			);
			name = Main.storyboard;
			sourceTree = "<group>";
		};
		EFA1759A297CC75E00D95408 /* LaunchScreen.storyboard */ = {
			isa = PBXVariantGroup;
			children = (
				EFA1759B297CC75E00D95408 /* Base */,
			);
			name = LaunchScreen.storyboard;
			sourceTree = "<group>";
		};
/* End PBXVariantGroup section */

/* Begin XCBuildConfiguration section */
		EFA1759E297CC75E00D95408 /* Debug */ = {
			isa = XCBuildConfiguration;
			buildSettings = {
				ALWAYS_SEARCH_USER_PATHS = NO;
				CLANG_ANALYZER_NONNULL = YES;
				CLANG_ANALYZER_NUMBER_OBJECT_CONVERSION = YES_AGGRESSIVE;
				CLANG_CXX_LANGUAGE_STANDARD = "gnu++20";
				CLANG_ENABLE_MODULES = YES;
				CLANG_ENABLE_OBJC_ARC = YES;
				CLANG_ENABLE_OBJC_WEAK = YES;
				CLANG_WARN_BLOCK_CAPTURE_AUTORELEASING = YES;
				CLANG_WARN_BOOL_CONVERSION = YES;
				CLANG_WARN_COMMA = YES;
				CLANG_WARN_CONSTANT_CONVERSION = YES;
				CLANG_WARN_DEPRECATED_OBJC_IMPLEMENTATIONS = YES;
				CLANG_WARN_DIRECT_OBJC_ISA_USAGE = YES_ERROR;
				CLANG_WARN_DOCUMENTATION_COMMENTS = YES;
				CLANG_WARN_EMPTY_BODY = YES;
				CLANG_WARN_ENUM_CONVERSION = YES;
				CLANG_WARN_INFINITE_RECURSION = YES;
				CLANG_WARN_INT_CONVERSION = YES;
				CLANG_WARN_NON_LITERAL_NULL_CONVERSION = YES;
				CLANG_WARN_OBJC_IMPLICIT_RETAIN_SELF = YES;
				CLANG_WARN_OBJC_LITERAL_CONVERSION = YES;
				CLANG_WARN_OBJC_ROOT_CLASS = YES_ERROR;
				CLANG_WARN_QUOTED_INCLUDE_IN_FRAMEWORK_HEADER = YES;
				CLANG_WARN_RANGE_LOOP_ANALYSIS = YES;
				CLANG_WARN_STRICT_PROTOTYPES = YES;
				CLANG_WARN_SUSPICIOUS_MOVE = YES;
				CLANG_WARN_UNGUARDED_AVAILABILITY = YES_AGGRESSIVE;
				CLANG_WARN_UNREACHABLE_CODE = YES;
				CLANG_WARN__DUPLICATE_METHOD_MATCH = YES;
				COPY_PHASE_STRIP = NO;
				DEBUG_INFORMATION_FORMAT = dwarf;
				ENABLE_STRICT_OBJC_MSGSEND = YES;
				ENABLE_TESTABILITY = YES;
				GCC_C_LANGUAGE_STANDARD = gnu11;
				GCC_DYNAMIC_NO_PIC = NO;
				GCC_NO_COMMON_BLOCKS = YES;
				GCC_OPTIMIZATION_LEVEL = 0;
				GCC_PREPROCESSOR_DEFINITIONS = (
					"DEBUG=1",
					"$(inherited)",
				);
				GCC_WARN_64_TO_32_BIT_CONVERSION = YES;
				GCC_WARN_ABOUT_RETURN_TYPE = YES_ERROR;
				GCC_WARN_UNDECLARED_SELECTOR = YES;
				GCC_WARN_UNINITIALIZED_AUTOS = YES_AGGRESSIVE;
				GCC_WARN_UNUSED_FUNCTION = YES;
				GCC_WARN_UNUSED_VARIABLE = YES;
				INFOPLIST_FILE = trip/trip/Support/Info.plist;
				IPHONEOS_DEPLOYMENT_TARGET = 16.0;
				MTL_ENABLE_DEBUG_INFO = INCLUDE_SOURCE;
				MTL_FAST_MATH = YES;
				ONLY_ACTIVE_ARCH = YES;
				SDKROOT = iphoneos;
				SWIFT_ACTIVE_COMPILATION_CONDITIONS = DEBUG;
				SWIFT_OPTIMIZATION_LEVEL = "-Onone";
			};
			name = Debug;
		};
		EFA1759F297CC75E00D95408 /* Release */ = {
			isa = XCBuildConfiguration;
			buildSettings = {
				ALWAYS_SEARCH_USER_PATHS = NO;
				CLANG_ANALYZER_NONNULL = YES;
				CLANG_ANALYZER_NUMBER_OBJECT_CONVERSION = YES_AGGRESSIVE;
				CLANG_CXX_LANGUAGE_STANDARD = "gnu++20";
				CLANG_ENABLE_MODULES = YES;
				CLANG_ENABLE_OBJC_ARC = YES;
				CLANG_ENABLE_OBJC_WEAK = YES;
				CLANG_WARN_BLOCK_CAPTURE_AUTORELEASING = YES;
				CLANG_WARN_BOOL_CONVERSION = YES;
				CLANG_WARN_COMMA = YES;
				CLANG_WARN_CONSTANT_CONVERSION = YES;
				CLANG_WARN_DEPRECATED_OBJC_IMPLEMENTATIONS = YES;
				CLANG_WARN_DIRECT_OBJC_ISA_USAGE = YES_ERROR;
				CLANG_WARN_DOCUMENTATION_COMMENTS = YES;
				CLANG_WARN_EMPTY_BODY = YES;
				CLANG_WARN_ENUM_CONVERSION = YES;
				CLANG_WARN_INFINITE_RECURSION = YES;
				CLANG_WARN_INT_CONVERSION = YES;
				CLANG_WARN_NON_LITERAL_NULL_CONVERSION = YES;
				CLANG_WARN_OBJC_IMPLICIT_RETAIN_SELF = YES;
				CLANG_WARN_OBJC_LITERAL_CONVERSION = YES;
				CLANG_WARN_OBJC_ROOT_CLASS = YES_ERROR;
				CLANG_WARN_QUOTED_INCLUDE_IN_FRAMEWORK_HEADER = YES;
				CLANG_WARN_RANGE_LOOP_ANALYSIS = YES;
				CLANG_WARN_STRICT_PROTOTYPES = YES;
				CLANG_WARN_SUSPICIOUS_MOVE = YES;
				CLANG_WARN_UNGUARDED_AVAILABILITY = YES_AGGRESSIVE;
				CLANG_WARN_UNREACHABLE_CODE = YES;
				CLANG_WARN__DUPLICATE_METHOD_MATCH = YES;
				COPY_PHASE_STRIP = NO;
				DEBUG_INFORMATION_FORMAT = "dwarf-with-dsym";
				ENABLE_NS_ASSERTIONS = NO;
				ENABLE_STRICT_OBJC_MSGSEND = YES;
				GCC_C_LANGUAGE_STANDARD = gnu11;
				GCC_NO_COMMON_BLOCKS = YES;
				GCC_WARN_64_TO_32_BIT_CONVERSION = YES;
				GCC_WARN_ABOUT_RETURN_TYPE = YES_ERROR;
				GCC_WARN_UNDECLARED_SELECTOR = YES;
				GCC_WARN_UNINITIALIZED_AUTOS = YES_AGGRESSIVE;
				GCC_WARN_UNUSED_FUNCTION = YES;
				GCC_WARN_UNUSED_VARIABLE = YES;
				INFOPLIST_FILE = trip/trip/Support/Info.plist;
				IPHONEOS_DEPLOYMENT_TARGET = 16.0;
				MTL_ENABLE_DEBUG_INFO = NO;
				MTL_FAST_MATH = YES;
				SDKROOT = iphoneos;
				SWIFT_COMPILATION_MODE = wholemodule;
				SWIFT_OPTIMIZATION_LEVEL = "-O";
				VALIDATE_PRODUCT = YES;
			};
			name = Release;
		};
		EFA175A1297CC75E00D95408 /* Debug */ = {
			isa = XCBuildConfiguration;
			buildSettings = {
				ASSETCATALOG_COMPILER_APPICON_NAME = AppIcon;
				ASSETCATALOG_COMPILER_GLOBAL_ACCENT_COLOR_NAME = AccentColor;
				CODE_SIGN_STYLE = Automatic;
				CURRENT_PROJECT_VERSION = 1;
				DEVELOPMENT_TEAM = VL769BSNN6;
				GENERATE_INFOPLIST_FILE = YES;
				INFOPLIST_FILE = trip/Info.plist;
				INFOPLIST_KEY_UIApplicationSupportsIndirectInputEvents = YES;
				INFOPLIST_KEY_UILaunchStoryboardName = LaunchScreen;
				INFOPLIST_KEY_UISupportedInterfaceOrientations_iPad = "UIInterfaceOrientationPortrait UIInterfaceOrientationPortraitUpsideDown UIInterfaceOrientationLandscapeLeft UIInterfaceOrientationLandscapeRight";
				INFOPLIST_KEY_UISupportedInterfaceOrientations_iPhone = "UIInterfaceOrientationPortrait UIInterfaceOrientationLandscapeLeft UIInterfaceOrientationLandscapeRight";
				LD_RUNPATH_SEARCH_PATHS = (
					"$(inherited)",
					"@executable_path/Frameworks",
				);
				MARKETING_VERSION = 1.0;
				PRODUCT_BUNDLE_IDENTIFIER = com.gmail.dodogugu2632.trip;
				PRODUCT_NAME = "$(TARGET_NAME)";
				SWIFT_EMIT_LOC_STRINGS = YES;
				SWIFT_VERSION = 5.0;
				TARGETED_DEVICE_FAMILY = "1,2";
			};
			name = Debug;
		};
		EFA175A2297CC75E00D95408 /* Release */ = {
			isa = XCBuildConfiguration;
			buildSettings = {
				ASSETCATALOG_COMPILER_APPICON_NAME = AppIcon;
				ASSETCATALOG_COMPILER_GLOBAL_ACCENT_COLOR_NAME = AccentColor;
				CODE_SIGN_STYLE = Automatic;
				CURRENT_PROJECT_VERSION = 1;
				DEVELOPMENT_TEAM = VL769BSNN6;
				GENERATE_INFOPLIST_FILE = YES;
				INFOPLIST_FILE = trip/Info.plist;
				INFOPLIST_KEY_UIApplicationSupportsIndirectInputEvents = YES;
				INFOPLIST_KEY_UILaunchStoryboardName = LaunchScreen;
				INFOPLIST_KEY_UISupportedInterfaceOrientations_iPad = "UIInterfaceOrientationPortrait UIInterfaceOrientationPortraitUpsideDown UIInterfaceOrientationLandscapeLeft UIInterfaceOrientationLandscapeRight";
				INFOPLIST_KEY_UISupportedInterfaceOrientations_iPhone = "UIInterfaceOrientationPortrait UIInterfaceOrientationLandscapeLeft UIInterfaceOrientationLandscapeRight";
				LD_RUNPATH_SEARCH_PATHS = (
					"$(inherited)",
					"@executable_path/Frameworks",
				);
				MARKETING_VERSION = 1.0;
				PRODUCT_BUNDLE_IDENTIFIER = com.gmail.dodogugu2632.trip;
				PRODUCT_NAME = "$(TARGET_NAME)";
				SWIFT_EMIT_LOC_STRINGS = YES;
				SWIFT_VERSION = 5.0;
				TARGETED_DEVICE_FAMILY = "1,2";
			};
			name = Release;
		};
/* End XCBuildConfiguration section */

/* Begin XCConfigurationList section */
		EFA17587297CC75D00D95408 /* Build configuration list for PBXProject "trip" */ = {
			isa = XCConfigurationList;
			buildConfigurations = (
				EFA1759E297CC75E00D95408 /* Debug */,
				EFA1759F297CC75E00D95408 /* Release */,
			);
			defaultConfigurationIsVisible = 0;
			defaultConfigurationName = Release;
		};
		EFA175A0297CC75E00D95408 /* Build configuration list for PBXNativeTarget "trip" */ = {
			isa = XCConfigurationList;
			buildConfigurations = (
				EFA175A1297CC75E00D95408 /* Debug */,
				EFA175A2297CC75E00D95408 /* Release */,
			);
			defaultConfigurationIsVisible = 0;
			defaultConfigurationName = Release;
		};
/* End XCConfigurationList section */

/* Begin XCVersionGroup section */
		EF7E97F9299F361C003B39D6 /* PlaceInfo.xcdatamodeld */ = {
			isa = XCVersionGroup;
			children = (
				EF7E97FA299F361C003B39D6 /* PlaceInfo.xcdatamodel */,
			);
			currentVersion = EF7E97FA299F361C003B39D6 /* PlaceInfo.xcdatamodel */;
			path = PlaceInfo.xcdatamodeld;
			sourceTree = "<group>";
			versionGroupType = wrapper.xcdatamodel;
		};
/* End XCVersionGroup section */
	};
	rootObject = EFA17584297CC75D00D95408 /* Project object */;
}
